// !$*UTF8*$!
{
	archiveVersion = 1;
	classes = {
	};
	objectVersion = 55;
	objects = {

/* Begin PBXBuildFile section */
		5128EB412FAA179B003FD4F6 /* AppDelegate.swift in Sources */ = {isa = PBXBuildFile; fileRef = 5128EB402FAA179B003FD4F6 /* AppDelegate.swift */; };
		5128EB432FAA179B003FD4F6 /* SceneDelegate.swift in Sources */ = {isa = PBXBuildFile; fileRef = 5128EB422FAA179B003FD4F6 /* SceneDelegate.swift */; };
		5128EB452FAA179B003FD4F6 /* ViewController.swift in Sources */ = {isa = PBXBuildFile; fileRef = 5128EB442FAA179B003FD4F6 /* ViewController.swift */; };
		5128EB482FAA179B003FD4F6 /* Main.storyboard in Resources */ = {isa = PBXBuildFile; fileRef = 5128EB462FAA179B003FD4F6 /* Main.storyboard */; };
		5128EB4B2FAA179B003FD4F6 /* Sportix.xcdatamodeld in Sources */ = {isa = PBXBuildFile; fileRef = 5128EB492FAA179B003FD4F6 /* Sportix.xcdatamodeld */; };
		5128EB4D2FAA179D003FD4F6 /* Assets.xcassets in Resources */ = {isa = PBXBuildFile; fileRef = 5128EB4C2FAA179D003FD4F6 /* Assets.xcassets */; };
		5128EB502FAA179D003FD4F6 /* LaunchScreen.storyboard in Resources */ = {isa = PBXBuildFile; fileRef = 5128EB4E2FAA179D003FD4F6 /* LaunchScreen.storyboard */; };
		5128EB5B2FAA179D003FD4F6 /* SportixTests.swift in Sources */ = {isa = PBXBuildFile; fileRef = 5128EB5A2FAA179D003FD4F6 /* SportixTests.swift */; };
		5128EB652FAA179D003FD4F6 /* SportixUITests.swift in Sources */ = {isa = PBXBuildFile; fileRef = 5128EB642FAA179D003FD4F6 /* SportixUITests.swift */; };
		5128EB672FAA179D003FD4F6 /* SportixUITestsLaunchTests.swift in Sources */ = {isa = PBXBuildFile; fileRef = 5128EB662FAA179D003FD4F6 /* SportixUITestsLaunchTests.swift */; };
		5128EB752FAA1B8F003FD4F6 /* SDWebImage in Frameworks */ = {isa = PBXBuildFile; productRef = 5128EB742FAA1B8F003FD4F6 /* SDWebImage */; };
		5128EB772FAA1B8F003FD4F6 /* SDWebImageMapKit in Frameworks */ = {isa = PBXBuildFile; productRef = 5128EB762FAA1B8F003FD4F6 /* SDWebImageMapKit */; };
		C74531772FAA73BE00E492B1 /* Alamofire in Frameworks */ = {isa = PBXBuildFile; productRef = C74531762FAA73BE00E492B1 /* Alamofire */; };
		C745317F2FAA75AD00E492B1 /* AppTheme.swift in Sources */ = {isa = PBXBuildFile; fileRef = C745317E2FAA75AD00E492B1 /* AppTheme.swift */; };
		C74531812FAA7E2200E492B1 /* OnboardingSlide.swift in Sources */ = {isa = PBXBuildFile; fileRef = C74531802FAA7E2200E492B1 /* OnboardingSlide.swift */; };
		C74531852FAA7E7900E492B1 /* OnboardingPresenter.swift in Sources */ = {isa = PBXBuildFile; fileRef = C74531842FAA7E7900E492B1 /* OnboardingPresenter.swift */; };
		C74531872FAA82F200E492B1 /* OnboardingContentViewController.swift in Sources */ = {isa = PBXBuildFile; fileRef = C74531862FAA82F200E492B1 /* OnboardingContentViewController.swift */; };
		C74531892FAA830D00E492B1 /* OnboardingViewController.swift in Sources */ = {isa = PBXBuildFile; fileRef = C74531882FAA830D00E492B1 /* OnboardingViewController.swift */; };
		C7A596972FAB45EC00CB6E89 /* AppSettingsLocalDataSource.swift in Sources */ = {isa = PBXBuildFile; fileRef = C7A596962FAB45E800CB6E89 /* AppSettingsLocalDataSource.swift */; };
		C7A5969F2FAB4A9500CB6E89 /* AppRepository.swift in Sources */ = {isa = PBXBuildFile; fileRef = C7A5969E2FAB4A9500CB6E89 /* AppRepository.swift */; };
		C7A596A12FAB4CC300CB6E89 /* AppRepositoryProtocol.swift in Sources */ = {isa = PBXBuildFile; fileRef = C7A596A02FAB4CC300CB6E89 /* AppRepositoryProtocol.swift */; };
/* End PBXBuildFile section */

/* Begin PBXContainerItemProxy section */
		5128EB572FAA179D003FD4F6 /* PBXContainerItemProxy */ = {
			isa = PBXContainerItemProxy;
			containerPortal = 5128EB352FAA179B003FD4F6 /* Project object */;
			proxyType = 1;
			remoteGlobalIDString = 5128EB3C2FAA179B003FD4F6;
			remoteInfo = Sportix;
		};
		5128EB612FAA179D003FD4F6 /* PBXContainerItemProxy */ = {
			isa = PBXContainerItemProxy;
			containerPortal = 5128EB352FAA179B003FD4F6 /* Project object */;
			proxyType = 1;
			remoteGlobalIDString = 5128EB3C2FAA179B003FD4F6;
			remoteInfo = Sportix;
		};
/* End PBXContainerItemProxy section */

/* Begin PBXFileReference section */
		5128EB3D2FAA179B003FD4F6 /* Sportix.app */ = {isa = PBXFileReference; explicitFileType = wrapper.application; includeInIndex = 0; path = Sportix.app; sourceTree = BUILT_PRODUCTS_DIR; };
		5128EB402FAA179B003FD4F6 /* AppDelegate.swift */ = {isa = PBXFileReference; lastKnownFileType = sourcecode.swift; path = AppDelegate.swift; sourceTree = "<group>"; };
		5128EB422FAA179B003FD4F6 /* SceneDelegate.swift */ = {isa = PBXFileReference; lastKnownFileType = sourcecode.swift; path = SceneDelegate.swift; sourceTree = "<group>"; };
		5128EB442FAA179B003FD4F6 /* ViewController.swift */ = {isa = PBXFileReference; lastKnownFileType = sourcecode.swift; path = ViewController.swift; sourceTree = "<group>"; };
		5128EB472FAA179B003FD4F6 /* Base */ = {isa = PBXFileReference; lastKnownFileType = file.storyboard; name = Base; path = Base.lproj/Main.storyboard; sourceTree = "<group>"; };
		5128EB4A2FAA179B003FD4F6 /* Sportix.xcdatamodel */ = {isa = PBXFileReference; lastKnownFileType = wrapper.xcdatamodel; path = Sportix.xcdatamodel; sourceTree = "<group>"; };
		5128EB4C2FAA179D003FD4F6 /* Assets.xcassets */ = {isa = PBXFileReference; lastKnownFileType = folder.assetcatalog; path = Assets.xcassets; sourceTree = "<group>"; };
		5128EB4F2FAA179D003FD4F6 /* Base */ = {isa = PBXFileReference; lastKnownFileType = file.storyboard; name = Base; path = Base.lproj/LaunchScreen.storyboard; sourceTree = "<group>"; };
		5128EB512FAA179D003FD4F6 /* Info.plist */ = {isa = PBXFileReference; lastKnownFileType = text.plist.xml; path = Info.plist; sourceTree = "<group>"; };
		5128EB562FAA179D003FD4F6 /* SportixTests.xctest */ = {isa = PBXFileReference; explicitFileType = wrapper.cfbundle; includeInIndex = 0; path = SportixTests.xctest; sourceTree = BUILT_PRODUCTS_DIR; };
		5128EB5A2FAA179D003FD4F6 /* SportixTests.swift */ = {isa = PBXFileReference; lastKnownFileType = sourcecode.swift; path = SportixTests.swift; sourceTree = "<group>"; };
		5128EB602FAA179D003FD4F6 /* SportixUITests.xctest */ = {isa = PBXFileReference; explicitFileType = wrapper.cfbundle; includeInIndex = 0; path = SportixUITests.xctest; sourceTree = BUILT_PRODUCTS_DIR; };
		5128EB642FAA179D003FD4F6 /* SportixUITests.swift */ = {isa = PBXFileReference; lastKnownFileType = sourcecode.swift; path = SportixUITests.swift; sourceTree = "<group>"; };
		5128EB662FAA179D003FD4F6 /* SportixUITestsLaunchTests.swift */ = {isa = PBXFileReference; lastKnownFileType = sourcecode.swift; path = SportixUITestsLaunchTests.swift; sourceTree = "<group>"; };
		C745317E2FAA75AD00E492B1 /* AppTheme.swift */ = {isa = PBXFileReference; lastKnownFileType = sourcecode.swift; path = AppTheme.swift; sourceTree = "<group>"; };
		C74531802FAA7E2200E492B1 /* OnboardingSlide.swift */ = {isa = PBXFileReference; lastKnownFileType = sourcecode.swift; path = OnboardingSlide.swift; sourceTree = "<group>"; };
		C74531842FAA7E7900E492B1 /* OnboardingPresenter.swift */ = {isa = PBXFileReference; lastKnownFileType = sourcecode.swift; path = OnboardingPresenter.swift; sourceTree = "<group>"; };
		C74531862FAA82F200E492B1 /* OnboardingContentViewController.swift */ = {isa = PBXFileReference; lastKnownFileType = sourcecode.swift; path = OnboardingContentViewController.swift; sourceTree = "<group>"; };
		C74531882FAA830D00E492B1 /* OnboardingViewController.swift */ = {isa = PBXFileReference; lastKnownFileType = sourcecode.swift; path = OnboardingViewController.swift; sourceTree = "<group>"; };
		C7A596962FAB45E800CB6E89 /* AppSettingsLocalDataSource.swift */ = {isa = PBXFileReference; lastKnownFileType = sourcecode.swift; path = AppSettingsLocalDataSource.swift; sourceTree = "<group>"; };
		C7A5969E2FAB4A9500CB6E89 /* AppRepository.swift */ = {isa = PBXFileReference; lastKnownFileType = sourcecode.swift; path = AppRepository.swift; sourceTree = "<group>"; };
		C7A596A02FAB4CC300CB6E89 /* AppRepositoryProtocol.swift */ = {isa = PBXFileReference; lastKnownFileType = sourcecode.swift; path = AppRepositoryProtocol.swift; sourceTree = "<group>"; };
/* End PBXFileReference section */

/* Begin PBXFrameworksBuildPhase section */
		5128EB3A2FAA179B003FD4F6 /* Frameworks */ = {
			isa = PBXFrameworksBuildPhase;
			buildActionMask = 2147483647;
			files = (
				C74531772FAA73BE00E492B1 /* Alamofire in Frameworks */,
				5128EB772FAA1B8F003FD4F6 /* SDWebImageMapKit in Frameworks */,
				5128EB752FAA1B8F003FD4F6 /* SDWebImage in Frameworks */,
			);
			runOnlyForDeploymentPostprocessing = 0;
		};
		5128EB532FAA179D003FD4F6 /* Frameworks */ = {
			isa = PBXFrameworksBuildPhase;
			buildActionMask = 2147483647;
			files = (
			);
			runOnlyForDeploymentPostprocessing = 0;
		};
		5128EB5D2FAA179D003FD4F6 /* Frameworks */ = {
			isa = PBXFrameworksBuildPhase;
			buildActionMask = 2147483647;
			files = (
			);
			runOnlyForDeploymentPostprocessing = 0;
		};
/* End PBXFrameworksBuildPhase section */

/* Begin PBXGroup section */
		5128EB342FAA179B003FD4F6 = {
			isa = PBXGroup;
			children = (
				5128EB3F2FAA179B003FD4F6 /* Sportix */,
				5128EB592FAA179D003FD4F6 /* SportixTests */,
				5128EB632FAA179D003FD4F6 /* SportixUITests */,
				5128EB3E2FAA179B003FD4F6 /* Products */,
			);
			sourceTree = "<group>";
		};
		5128EB3E2FAA179B003FD4F6 /* Products */ = {
			isa = PBXGroup;
			children = (
				5128EB3D2FAA179B003FD4F6 /* Sportix.app */,
				5128EB562FAA179D003FD4F6 /* SportixTests.xctest */,
				5128EB602FAA179D003FD4F6 /* SportixUITests.xctest */,
			);
			name = Products;
			sourceTree = "<group>";
		};
		5128EB3F2FAA179B003FD4F6 /* Sportix */ = {
			isa = PBXGroup;
			children = (
				C7A5969C2FAB478E00CB6E89 /* Domain */,
				C7556C952FAA42E900F9A536 /* Utils */,
				C7556C942FAA42CF00F9A536 /* Presentation  */,
				C7556C932FAA429E00F9A536 /* Data */,
				5128EB402FAA179B003FD4F6 /* AppDelegate.swift */,
				5128EB422FAA179B003FD4F6 /* SceneDelegate.swift */,
				5128EB442FAA179B003FD4F6 /* ViewController.swift */,
				5128EB462FAA179B003FD4F6 /* Main.storyboard */,
				5128EB4C2FAA179D003FD4F6 /* Assets.xcassets */,
				5128EB4E2FAA179D003FD4F6 /* LaunchScreen.storyboard */,
				5128EB512FAA179D003FD4F6 /* Info.plist */,
				5128EB492FAA179B003FD4F6 /* Sportix.xcdatamodeld */,
			);
			path = Sportix;
			sourceTree = "<group>";
		};
		5128EB592FAA179D003FD4F6 /* SportixTests */ = {
			isa = PBXGroup;
			children = (
				5128EB5A2FAA179D003FD4F6 /* SportixTests.swift */,
			);
			path = SportixTests;
			sourceTree = "<group>";
		};
		5128EB632FAA179D003FD4F6 /* SportixUITests */ = {
			isa = PBXGroup;
			children = (
				5128EB642FAA179D003FD4F6 /* SportixUITests.swift */,
				5128EB662FAA179D003FD4F6 /* SportixUITestsLaunchTests.swift */,
			);
			path = SportixUITests;
			sourceTree = "<group>";
		};
		C74531782FAA752800E492B1 /* Sports */ = {
			isa = PBXGroup;
			children = (
			);
			path = Sports;
			sourceTree = "<group>";
		};
		C74531792FAA754400E492B1 /* Leagues */ = {
			isa = PBXGroup;
			children = (
			);
			path = Leagues;
			sourceTree = "<group>";
		};
		C745317A2FAA755000E492B1 /* Favorites */ = {
			isa = PBXGroup;
			children = (
			);
			path = Favorites;
			sourceTree = "<group>";
		};
		C745317B2FAA755C00E492B1 /* LeagueDetails */ = {
			isa = PBXGroup;
			children = (
			);
			path = LeagueDetails;
			sourceTree = "<group>";
		};
		C745317C2FAA756900E492B1 /* TeamDetails */ = {
			isa = PBXGroup;
			children = (
			);
			path = TeamDetails;
			sourceTree = "<group>";
		};
		C745317D2FAA757800E492B1 /* Onboarding */ = {
			isa = PBXGroup;
			children = (
				C74531832FAA7E5D00E492B1 /* Presenter */,
				C74531822FAA7E5200E492B1 /* View */,
			);
			path = Onboarding;
			sourceTree = "<group>";
		};
		C74531822FAA7E5200E492B1 /* View */ = {
			isa = PBXGroup;
			children = (
				C74531862FAA82F200E492B1 /* OnboardingContentViewController.swift */,
				C74531882FAA830D00E492B1 /* OnboardingViewController.swift */,
			);
			path = View;
			sourceTree = "<group>";
		};
		C74531832FAA7E5D00E492B1 /* Presenter */ = {
			isa = PBXGroup;
			children = (
				C74531842FAA7E7900E492B1 /* OnboardingPresenter.swift */,
			);
			path = Presenter;
			sourceTree = "<group>";
		};
		C7556C932FAA429E00F9A536 /* Data */ = {
			isa = PBXGroup;
			children = (
				C7A5969B2FAB476100CB6E89 /* Mappers */,
				C7A5969A2FAB474900CB6E89 /* Repositories */,
				C7A596982FAB470C00CB6E89 /* Remote */,
				C7A596922FAB425A00CB6E89 /* Local */,
				C7556C982FAA435D00F9A536 /* Core Data */,
				C7556C972FAA431100F9A536 /* Network */,
			);
			path = Data;
			sourceTree = "<group>";
		};
		C7556C942FAA42CF00F9A536 /* Presentation  */ = {
			isa = PBXGroup;
			children = (
				C7556C992FAA456400F9A536 /* Scenes */,
			);
			path = "Presentation ";
			sourceTree = "<group>";
		};
		C7556C952FAA42E900F9A536 /* Utils */ = {
			isa = PBXGroup;
			children = (
				C745317E2FAA75AD00E492B1 /* AppTheme.swift */,
			);
			path = Utils;
			sourceTree = "<group>";
		};
		C7556C962FAA430300F9A536 /* Models */ = {
			isa = PBXGroup;
			children = (
				C74531802FAA7E2200E492B1 /* OnboardingSlide.swift */,
			);
			path = Models;
			sourceTree = "<group>";
		};
		C7556C972FAA431100F9A536 /* Network */ = {
			isa = PBXGroup;
			children = (
			);
			path = Network;
			sourceTree = "<group>";
		};
		C7556C982FAA435D00F9A536 /* Core Data */ = {
			isa = PBXGroup;
			children = (
			);
			path = "Core Data";
			sourceTree = "<group>";
		};
		C7556C992FAA456400F9A536 /* Scenes */ = {
			isa = PBXGroup;
			children = (
				C745317D2FAA757800E492B1 /* Onboarding */,
				C745317C2FAA756900E492B1 /* TeamDetails */,
				C745317B2FAA755C00E492B1 /* LeagueDetails */,
				C745317A2FAA755000E492B1 /* Favorites */,
				C74531792FAA754400E492B1 /* Leagues */,
				C74531782FAA752800E492B1 /* Sports */,
			);
			path = Scenes;
			sourceTree = "<group>";
		};
		C7A596922FAB425A00CB6E89 /* Local */ = {
			isa = PBXGroup;
			children = (
				C7A596952FAB430800CB6E89 /* Entities */,
				C7A596932FAB42BD00CB6E89 /* UserDefaults */,
			);
			path = Local;
			sourceTree = "<group>";
		};
		C7A596932FAB42BD00CB6E89 /* UserDefaults */ = {
			isa = PBXGroup;
			children = (
				C7A596962FAB45E800CB6E89 /* AppSettingsLocalDataSource.swift */,
			);
			path = UserDefaults;
			sourceTree = "<group>";
		};
		C7A596952FAB430800CB6E89 /* Entities */ = {
			isa = PBXGroup;
			children = (
			);
			path = Entities;
			sourceTree = "<group>";
		};
		C7A596982FAB470C00CB6E89 /* Remote */ = {
			isa = PBXGroup;
			children = (
				C7A596992FAB472800CB6E89 /* Models */,
			);
			path = Remote;
			sourceTree = "<group>";
		};
		C7A596992FAB472800CB6E89 /* Models */ = {
			isa = PBXGroup;
			children = (
			);
			path = Models;
			sourceTree = "<group>";
		};
		C7A5969A2FAB474900CB6E89 /* Repositories */ = {
			isa = PBXGroup;
			children = (
				C7A5969E2FAB4A9500CB6E89 /* AppRepository.swift */,
			);
			path = Repositories;
			sourceTree = "<group>";
		};
		C7A5969B2FAB476100CB6E89 /* Mappers */ = {
			isa = PBXGroup;
			children = (
			);
			path = Mappers;
			sourceTree = "<group>";
		};
		C7A5969C2FAB478E00CB6E89 /* Domain */ = {
			isa = PBXGroup;
			children = (
				C7A5969D2FAB47DE00CB6E89 /* Repositories */,
				C7556C962FAA430300F9A536 /* Models */,
			);
			path = Domain;
			sourceTree = "<group>";
		};
		C7A5969D2FAB47DE00CB6E89 /* Repositories */ = {
			isa = PBXGroup;
			children = (
				C7A596A02FAB4CC300CB6E89 /* AppRepositoryProtocol.swift */,
			);
			path = Repositories;
			sourceTree = "<group>";
		};
/* End PBXGroup section */

/* Begin PBXNativeTarget section */
		5128EB3C2FAA179B003FD4F6 /* Sportix */ = {
			isa = PBXNativeTarget;
			buildConfigurationList = 5128EB6A2FAA179D003FD4F6 /* Build configuration list for PBXNativeTarget "Sportix" */;
			buildPhases = (
				5128EB392FAA179B003FD4F6 /* Sources */,
				5128EB3A2FAA179B003FD4F6 /* Frameworks */,
				5128EB3B2FAA179B003FD4F6 /* Resources */,
			);
			buildRules = (
			);
			dependencies = (
			);
			name = Sportix;
			packageProductDependencies = (
				5128EB742FAA1B8F003FD4F6 /* SDWebImage */,
				5128EB762FAA1B8F003FD4F6 /* SDWebImageMapKit */,
				C74531762FAA73BE00E492B1 /* Alamofire */,
			);
			productName = Sportix;
			productReference = 5128EB3D2FAA179B003FD4F6 /* Sportix.app */;
			productType = "com.apple.product-type.application";
		};
		5128EB552FAA179D003FD4F6 /* SportixTests */ = {
			isa = PBXNativeTarget;
			buildConfigurationList = 5128EB6D2FAA179D003FD4F6 /* Build configuration list for PBXNativeTarget "SportixTests" */;
			buildPhases = (
				5128EB522FAA179D003FD4F6 /* Sources */,
				5128EB532FAA179D003FD4F6 /* Frameworks */,
				5128EB542FAA179D003FD4F6 /* Resources */,
			);
			buildRules = (
			);
			dependencies = (
				5128EB582FAA179D003FD4F6 /* PBXTargetDependency */,
			);
			name = SportixTests;
			productName = SportixTests;
			productReference = 5128EB562FAA179D003FD4F6 /* SportixTests.xctest */;
			productType = "com.apple.product-type.bundle.unit-test";
		};
		5128EB5F2FAA179D003FD4F6 /* SportixUITests */ = {
			isa = PBXNativeTarget;
			buildConfigurationList = 5128EB702FAA179D003FD4F6 /* Build configuration list for PBXNativeTarget "SportixUITests" */;
			buildPhases = (
				5128EB5C2FAA179D003FD4F6 /* Sources */,
				5128EB5D2FAA179D003FD4F6 /* Frameworks */,
				5128EB5E2FAA179D003FD4F6 /* Resources */,
			);
			buildRules = (
			);
			dependencies = (
				5128EB622FAA179D003FD4F6 /* PBXTargetDependency */,
			);
			name = SportixUITests;
			productName = SportixUITests;
			productReference = 5128EB602FAA179D003FD4F6 /* SportixUITests.xctest */;
			productType = "com.apple.product-type.bundle.ui-testing";
		};
/* End PBXNativeTarget section */

/* Begin PBXProject section */
		5128EB352FAA179B003FD4F6 /* Project object */ = {
			isa = PBXProject;
			attributes = {
				BuildIndependentTargetsInParallel = 1;
				LastSwiftUpdateCheck = 1320;
				LastUpgradeCheck = 1320;
				TargetAttributes = {
					5128EB3C2FAA179B003FD4F6 = {
						CreatedOnToolsVersion = 13.2.1;
					};
					5128EB552FAA179D003FD4F6 = {
						CreatedOnToolsVersion = 13.2.1;
						TestTargetID = 5128EB3C2FAA179B003FD4F6;
					};
					5128EB5F2FAA179D003FD4F6 = {
						CreatedOnToolsVersion = 13.2.1;
						TestTargetID = 5128EB3C2FAA179B003FD4F6;
					};
				};
			};
			buildConfigurationList = 5128EB382FAA179B003FD4F6 /* Build configuration list for PBXProject "Sportix" */;
			compatibilityVersion = "Xcode 13.0";
			developmentRegion = en;
			hasScannedForEncodings = 0;
			knownRegions = (
				en,
				Base,
			);
			mainGroup = 5128EB342FAA179B003FD4F6;
			packageReferences = (
				5128EB732FAA1B8F003FD4F6 /* XCRemoteSwiftPackageReference "SDWebImage" */,
				C74531752FAA73BE00E492B1 /* XCRemoteSwiftPackageReference "Alamofire" */,
			);
			productRefGroup = 5128EB3E2FAA179B003FD4F6 /* Products */;
			projectDirPath = "";
			projectRoot = "";
			targets = (
				5128EB3C2FAA179B003FD4F6 /* Sportix */,
				5128EB552FAA179D003FD4F6 /* SportixTests */,
				5128EB5F2FAA179D003FD4F6 /* SportixUITests */,
			);
		};
/* End PBXProject section */

/* Begin PBXResourcesBuildPhase section */
		5128EB3B2FAA179B003FD4F6 /* Resources */ = {
			isa = PBXResourcesBuildPhase;
			buildActionMask = 2147483647;
			files = (
				5128EB502FAA179D003FD4F6 /* LaunchScreen.storyboard in Resources */,
				5128EB4D2FAA179D003FD4F6 /* Assets.xcassets in Resources */,
				5128EB482FAA179B003FD4F6 /* Main.storyboard in Resources */,
			);
			runOnlyForDeploymentPostprocessing = 0;
		};
		5128EB542FAA179D003FD4F6 /* Resources */ = {
			isa = PBXResourcesBuildPhase;
			buildActionMask = 2147483647;
			files = (
			);
			runOnlyForDeploymentPostprocessing = 0;
		};
		5128EB5E2FAA179D003FD4F6 /* Resources */ = {
			isa = PBXResourcesBuildPhase;
			buildActionMask = 2147483647;
			files = (
			);
			runOnlyForDeploymentPostprocessing = 0;
		};
/* End PBXResourcesBuildPhase section */

/* Begin PBXSourcesBuildPhase section */
		5128EB392FAA179B003FD4F6 /* Sources */ = {
			isa = PBXSourcesBuildPhase;
			buildActionMask = 2147483647;
			files = (
				5128EB452FAA179B003FD4F6 /* ViewController.swift in Sources */,
				5128EB4B2FAA179B003FD4F6 /* Sportix.xcdatamodeld in Sources */,
				C7A596972FAB45EC00CB6E89 /* AppSettingsLocalDataSource.swift in Sources */,
				5128EB412FAA179B003FD4F6 /* AppDelegate.swift in Sources */,
				5128EB432FAA179B003FD4F6 /* SceneDelegate.swift in Sources */,
				C7A596A12FAB4CC300CB6E89 /* AppRepositoryProtocol.swift in Sources */,
				C74531852FAA7E7900E492B1 /* OnboardingPresenter.swift in Sources */,
				C74531872FAA82F200E492B1 /* OnboardingContentViewController.swift in Sources */,
				C74531812FAA7E2200E492B1 /* OnboardingSlide.swift in Sources */,
				C7A5969F2FAB4A9500CB6E89 /* AppRepository.swift in Sources */,
				C74531892FAA830D00E492B1 /* OnboardingViewController.swift in Sources */,
				C745317F2FAA75AD00E492B1 /* AppTheme.swift in Sources */,
			);
			runOnlyForDeploymentPostprocessing = 0;
		};
		5128EB522FAA179D003FD4F6 /* Sources */ = {
			isa = PBXSourcesBuildPhase;
			buildActionMask = 2147483647;
			files = (
				5128EB5B2FAA179D003FD4F6 /* SportixTests.swift in Sources */,
			);
			runOnlyForDeploymentPostprocessing = 0;
		};
		5128EB5C2FAA179D003FD4F6 /* Sources */ = {
			isa = PBXSourcesBuildPhase;
			buildActionMask = 2147483647;
			files = (
				5128EB672FAA179D003FD4F6 /* SportixUITestsLaunchTests.swift in Sources */,
				5128EB652FAA179D003FD4F6 /* SportixUITests.swift in Sources */,
			);
			runOnlyForDeploymentPostprocessing = 0;
		};
/* End PBXSourcesBuildPhase section */

/* Begin PBXTargetDependency section */
		5128EB582FAA179D003FD4F6 /* PBXTargetDependency */ = {
			isa = PBXTargetDependency;
			target = 5128EB3C2FAA179B003FD4F6 /* Sportix */;
			targetProxy = 5128EB572FAA179D003FD4F6 /* PBXContainerItemProxy */;
		};
		5128EB622FAA179D003FD4F6 /* PBXTargetDependency */ = {
			isa = PBXTargetDependency;
			target = 5128EB3C2FAA179B003FD4F6 /* Sportix */;
			targetProxy = 5128EB612FAA179D003FD4F6 /* PBXContainerItemProxy */;
		};
/* End PBXTargetDependency section */

/* Begin PBXVariantGroup section */
		5128EB462FAA179B003FD4F6 /* Main.storyboard */ = {
			isa = PBXVariantGroup;
			children = (
				5128EB472FAA179B003FD4F6 /* Base */,
			);
			name = Main.storyboard;
			sourceTree = "<group>";
		};
		5128EB4E2FAA179D003FD4F6 /* LaunchScreen.storyboard */ = {
			isa = PBXVariantGroup;
			children = (
				5128EB4F2FAA179D003FD4F6 /* Base */,
			);
			name = LaunchScreen.storyboard;
			sourceTree = "<group>";
		};
/* End PBXVariantGroup section */

/* Begin XCBuildConfiguration section */
		5128EB682FAA179D003FD4F6 /* Debug */ = {
			isa = XCBuildConfiguration;
			buildSettings = {
				ALWAYS_SEARCH_USER_PATHS = NO;
				CLANG_ANALYZER_NONNULL = YES;
				CLANG_ANALYZER_NUMBER_OBJECT_CONVERSION = YES_AGGRESSIVE;
				CLANG_CXX_LANGUAGE_STANDARD = "gnu++17";
				CLANG_CXX_LIBRARY = "libc++";
				CLANG_ENABLE_MODULES = YES;
				CLANG_ENABLE_OBJC_ARC = YES;
				CLANG_ENABLE_OBJC_WEAK = YES;
				CLANG_WARN_BLOCK_CAPTURE_AUTORELEASING = YES;
				CLANG_WARN_BOOL_CONVERSION = YES;
				CLANG_WARN_COMMA = YES;
				CLANG_WARN_CONSTANT_CONVERSION = YES;
				CLANG_WARN_DEPRECATED_OBJC_IMPLEMENTATIONS = YES;
				CLANG_WARN_DIRECT_OBJC_ISA_USAGE = YES_ERROR;
				CLANG_WARN_DOCUMENTATION_COMMENTS = YES;
				CLANG_WARN_EMPTY_BODY = YES;
				CLANG_WARN_ENUM_CONVERSION = YES;
				CLANG_WARN_INFINITE_RECURSION = YES;
				CLANG_WARN_INT_CONVERSION = YES;
				CLANG_WARN_NON_LITERAL_NULL_CONVERSION = YES;
				CLANG_WARN_OBJC_IMPLICIT_RETAIN_SELF = YES;
				CLANG_WARN_OBJC_LITERAL_CONVERSION = YES;
				CLANG_WARN_OBJC_ROOT_CLASS = YES_ERROR;
				CLANG_WARN_QUOTED_INCLUDE_IN_FRAMEWORK_HEADER = YES;
				CLANG_WARN_RANGE_LOOP_ANALYSIS = YES;
				CLANG_WARN_STRICT_PROTOTYPES = YES;
				CLANG_WARN_SUSPICIOUS_MOVE = YES;
				CLANG_WARN_UNGUARDED_AVAILABILITY = YES_AGGRESSIVE;
				CLANG_WARN_UNREACHABLE_CODE = YES;
				CLANG_WARN__DUPLICATE_METHOD_MATCH = YES;
				COPY_PHASE_STRIP = NO;
				DEBUG_INFORMATION_FORMAT = dwarf;
				ENABLE_STRICT_OBJC_MSGSEND = YES;
				ENABLE_TESTABILITY = YES;
				GCC_C_LANGUAGE_STANDARD = gnu11;
				GCC_DYNAMIC_NO_PIC = NO;
				GCC_NO_COMMON_BLOCKS = YES;
				GCC_OPTIMIZATION_LEVEL = 0;
				GCC_PREPROCESSOR_DEFINITIONS = (
					"DEBUG=1",
					"$(inherited)",
				);
				GCC_WARN_64_TO_32_BIT_CONVERSION = YES;
				GCC_WARN_ABOUT_RETURN_TYPE = YES_ERROR;
				GCC_WARN_UNDECLARED_SELECTOR = YES;
				GCC_WARN_UNINITIALIZED_AUTOS = YES_AGGRESSIVE;
				GCC_WARN_UNUSED_FUNCTION = YES;
				GCC_WARN_UNUSED_VARIABLE = YES;
				IPHONEOS_DEPLOYMENT_TARGET = 15.2;
				MTL_ENABLE_DEBUG_INFO = INCLUDE_SOURCE;
				MTL_FAST_MATH = YES;
				ONLY_ACTIVE_ARCH = YES;
				SDKROOT = iphoneos;
				SWIFT_ACTIVE_COMPILATION_CONDITIONS = DEBUG;
				SWIFT_OPTIMIZATION_LEVEL = "-Onone";
			};
			name = Debug;
		};
		5128EB692FAA179D003FD4F6 /* Release */ = {
			isa = XCBuildConfiguration;
			buildSettings = {
				ALWAYS_SEARCH_USER_PATHS = NO;
				CLANG_ANALYZER_NONNULL = YES;
				CLANG_ANALYZER_NUMBER_OBJECT_CONVERSION = YES_AGGRESSIVE;
				CLANG_CXX_LANGUAGE_STANDARD = "gnu++17";
				CLANG_CXX_LIBRARY = "libc++";
				CLANG_ENABLE_MODULES = YES;
				CLANG_ENABLE_OBJC_ARC = YES;
				CLANG_ENABLE_OBJC_WEAK = YES;
				CLANG_WARN_BLOCK_CAPTURE_AUTORELEASING = YES;
				CLANG_WARN_BOOL_CONVERSION = YES;
				CLANG_WARN_COMMA = YES;
				CLANG_WARN_CONSTANT_CONVERSION = YES;
				CLANG_WARN_DEPRECATED_OBJC_IMPLEMENTATIONS = YES;
				CLANG_WARN_DIRECT_OBJC_ISA_USAGE = YES_ERROR;
				CLANG_WARN_DOCUMENTATION_COMMENTS = YES;
				CLANG_WARN_EMPTY_BODY = YES;
				CLANG_WARN_ENUM_CONVERSION = YES;
				CLANG_WARN_INFINITE_RECURSION = YES;
				CLANG_WARN_INT_CONVERSION = YES;
				CLANG_WARN_NON_LITERAL_NULL_CONVERSION = YES;
				CLANG_WARN_OBJC_IMPLICIT_RETAIN_SELF = YES;
				CLANG_WARN_OBJC_LITERAL_CONVERSION = YES;
				CLANG_WARN_OBJC_ROOT_CLASS = YES_ERROR;
				CLANG_WARN_QUOTED_INCLUDE_IN_FRAMEWORK_HEADER = YES;
				CLANG_WARN_RANGE_LOOP_ANALYSIS = YES;
				CLANG_WARN_STRICT_PROTOTYPES = YES;
				CLANG_WARN_SUSPICIOUS_MOVE = YES;
				CLANG_WARN_UNGUARDED_AVAILABILITY = YES_AGGRESSIVE;
				CLANG_WARN_UNREACHABLE_CODE = YES;
				CLANG_WARN__DUPLICATE_METHOD_MATCH = YES;
				COPY_PHASE_STRIP = NO;
				DEBUG_INFORMATION_FORMAT = "dwarf-with-dsym";
				ENABLE_NS_ASSERTIONS = NO;
				ENABLE_STRICT_OBJC_MSGSEND = YES;
				GCC_C_LANGUAGE_STANDARD = gnu11;
				GCC_NO_COMMON_BLOCKS = YES;
				GCC_WARN_64_TO_32_BIT_CONVERSION = YES;
				GCC_WARN_ABOUT_RETURN_TYPE = YES_ERROR;
				GCC_WARN_UNDECLARED_SELECTOR = YES;
				GCC_WARN_UNINITIALIZED_AUTOS = YES_AGGRESSIVE;
				GCC_WARN_UNUSED_FUNCTION = YES;
				GCC_WARN_UNUSED_VARIABLE = YES;
				IPHONEOS_DEPLOYMENT_TARGET = 15.2;
				MTL_ENABLE_DEBUG_INFO = NO;
				MTL_FAST_MATH = YES;
				SDKROOT = iphoneos;
				SWIFT_COMPILATION_MODE = wholemodule;
				SWIFT_OPTIMIZATION_LEVEL = "-O";
				VALIDATE_PRODUCT = YES;
			};
			name = Release;
		};
		5128EB6B2FAA179D003FD4F6 /* Debug */ = {
			isa = XCBuildConfiguration;
			buildSettings = {
				ASSETCATALOG_COMPILER_APPICON_NAME = AppIcon;
				ASSETCATALOG_COMPILER_GLOBAL_ACCENT_COLOR_NAME = AccentColor;
				CODE_SIGN_STYLE = Automatic;
				CURRENT_PROJECT_VERSION = 1;
				GENERATE_INFOPLIST_FILE = YES;
				INFOPLIST_FILE = Sportix/Info.plist;
				INFOPLIST_KEY_UIApplicationSupportsIndirectInputEvents = YES;
				INFOPLIST_KEY_UILaunchStoryboardName = LaunchScreen;
				INFOPLIST_KEY_UIMainStoryboardFile = Main;
				INFOPLIST_KEY_UISupportedInterfaceOrientations_iPad = "UIInterfaceOrientationPortrait UIInterfaceOrientationPortraitUpsideDown UIInterfaceOrientationLandscapeLeft UIInterfaceOrientationLandscapeRight";
				INFOPLIST_KEY_UISupportedInterfaceOrientations_iPhone = "UIInterfaceOrientationPortrait UIInterfaceOrientationLandscapeLeft UIInterfaceOrientationLandscapeRight";
				LD_RUNPATH_SEARCH_PATHS = (
					"$(inherited)",
					"@executable_path/Frameworks",
				);
				MARKETING_VERSION = 1.0;
				PRODUCT_BUNDLE_IDENTIFIER = darkzoom.Sportix;
				PRODUCT_NAME = "$(TARGET_NAME)";
				SWIFT_EMIT_LOC_STRINGS = YES;
				SWIFT_VERSION = 5.0;
				TARGETED_DEVICE_FAMILY = "1,2";
			};
			name = Debug;
		};
		5128EB6C2FAA179D003FD4F6 /* Release */ = {
			isa = XCBuildConfiguration;
			buildSettings = {
				ASSETCATALOG_COMPILER_APPICON_NAME = AppIcon;
				ASSETCATALOG_COMPILER_GLOBAL_ACCENT_COLOR_NAME = AccentColor;
				CODE_SIGN_STYLE = Automatic;
				CURRENT_PROJECT_VERSION = 1;
				GENERATE_INFOPLIST_FILE = YES;
				INFOPLIST_FILE = Sportix/Info.plist;
				INFOPLIST_KEY_UIApplicationSupportsIndirectInputEvents = YES;
				INFOPLIST_KEY_UILaunchStoryboardName = LaunchScreen;
				INFOPLIST_KEY_UIMainStoryboardFile = Main;
				INFOPLIST_KEY_UISupportedInterfaceOrientations_iPad = "UIInterfaceOrientationPortrait UIInterfaceOrientationPortraitUpsideDown UIInterfaceOrientationLandscapeLeft UIInterfaceOrientationLandscapeRight";
				INFOPLIST_KEY_UISupportedInterfaceOrientations_iPhone = "UIInterfaceOrientationPortrait UIInterfaceOrientationLandscapeLeft UIInterfaceOrientationLandscapeRight";
				LD_RUNPATH_SEARCH_PATHS = (
					"$(inherited)",
					"@executable_path/Frameworks",
				);
				MARKETING_VERSION = 1.0;
				PRODUCT_BUNDLE_IDENTIFIER = darkzoom.Sportix;
				PRODUCT_NAME = "$(TARGET_NAME)";
				SWIFT_EMIT_LOC_STRINGS = YES;
				SWIFT_VERSION = 5.0;
				TARGETED_DEVICE_FAMILY = "1,2";
			};
			name = Release;
		};
		5128EB6E2FAA179D003FD4F6 /* Debug */ = {
			isa = XCBuildConfiguration;
			buildSettings = {
				ALWAYS_EMBED_SWIFT_STANDARD_LIBRARIES = YES;
				BUNDLE_LOADER = "$(TEST_HOST)";
				CODE_SIGN_STYLE = Automatic;
				CURRENT_PROJECT_VERSION = 1;
				GENERATE_INFOPLIST_FILE = YES;
				IPHONEOS_DEPLOYMENT_TARGET = 15.2;
				MARKETING_VERSION = 1.0;
				PRODUCT_BUNDLE_IDENTIFIER = darkzoom.SportixTests;
				PRODUCT_NAME = "$(TARGET_NAME)";
				SWIFT_EMIT_LOC_STRINGS = NO;
				SWIFT_VERSION = 5.0;
				TARGETED_DEVICE_FAMILY = "1,2";
				TEST_HOST = "$(BUILT_PRODUCTS_DIR)/Sportix.app/Sportix";
			};
			name = Debug;
		};
		5128EB6F2FAA179D003FD4F6 /* Release */ = {
			isa = XCBuildConfiguration;
			buildSettings = {
				ALWAYS_EMBED_SWIFT_STANDARD_LIBRARIES = YES;
				BUNDLE_LOADER = "$(TEST_HOST)";
				CODE_SIGN_STYLE = Automatic;
				CURRENT_PROJECT_VERSION = 1;
				GENERATE_INFOPLIST_FILE = YES;
				IPHONEOS_DEPLOYMENT_TARGET = 15.2;
				MARKETING_VERSION = 1.0;
				PRODUCT_BUNDLE_IDENTIFIER = darkzoom.SportixTests;
				PRODUCT_NAME = "$(TARGET_NAME)";
				SWIFT_EMIT_LOC_STRINGS = NO;
				SWIFT_VERSION = 5.0;
				TARGETED_DEVICE_FAMILY = "1,2";
				TEST_HOST = "$(BUILT_PRODUCTS_DIR)/Sportix.app/Sportix";
			};
			name = Release;
		};
		5128EB712FAA179D003FD4F6 /* Debug */ = {
			isa = XCBuildConfiguration;
			buildSettings = {
				ALWAYS_EMBED_SWIFT_STANDARD_LIBRARIES = YES;
				CODE_SIGN_STYLE = Automatic;
				CURRENT_PROJECT_VERSION = 1;
				GENERATE_INFOPLIST_FILE = YES;
				MARKETING_VERSION = 1.0;
				PRODUCT_BUNDLE_IDENTIFIER = darkzoom.SportixUITests;
				PRODUCT_NAME = "$(TARGET_NAME)";
				SWIFT_EMIT_LOC_STRINGS = NO;
				SWIFT_VERSION = 5.0;
				TARGETED_DEVICE_FAMILY = "1,2";
				TEST_TARGET_NAME = Sportix;
			};
			name = Debug;
		};
		5128EB722FAA179D003FD4F6 /* Release */ = {
			isa = XCBuildConfiguration;
			buildSettings = {
				ALWAYS_EMBED_SWIFT_STANDARD_LIBRARIES = YES;
				CODE_SIGN_STYLE = Automatic;
				CURRENT_PROJECT_VERSION = 1;
				GENERATE_INFOPLIST_FILE = YES;
				MARKETING_VERSION = 1.0;
				PRODUCT_BUNDLE_IDENTIFIER = darkzoom.SportixUITests;
				PRODUCT_NAME = "$(TARGET_NAME)";
				SWIFT_EMIT_LOC_STRINGS = NO;
				SWIFT_VERSION = 5.0;
				TARGETED_DEVICE_FAMILY = "1,2";
				TEST_TARGET_NAME = Sportix;
			};
			name = Release;
		};
/* End XCBuildConfiguration section */

/* Begin XCConfigurationList section */
		5128EB382FAA179B003FD4F6 /* Build configuration list for PBXProject "Sportix" */ = {
			isa = XCConfigurationList;
			buildConfigurations = (
				5128EB682FAA179D003FD4F6 /* Debug */,
				5128EB692FAA179D003FD4F6 /* Release */,
			);
			defaultConfigurationIsVisible = 0;
			defaultConfigurationName = Release;
		};
		5128EB6A2FAA179D003FD4F6 /* Build configuration list for PBXNativeTarget "Sportix" */ = {
			isa = XCConfigurationList;
			buildConfigurations = (
				5128EB6B2FAA179D003FD4F6 /* Debug */,
				5128EB6C2FAA179D003FD4F6 /* Release */,
			);
			defaultConfigurationIsVisible = 0;
			defaultConfigurationName = Release;
		};
		5128EB6D2FAA179D003FD4F6 /* Build configuration list for PBXNativeTarget "SportixTests" */ = {
			isa = XCConfigurationList;
			buildConfigurations = (
				5128EB6E2FAA179D003FD4F6 /* Debug */,
				5128EB6F2FAA179D003FD4F6 /* Release */,
			);
			defaultConfigurationIsVisible = 0;
			defaultConfigurationName = Release;
		};
		5128EB702FAA179D003FD4F6 /* Build configuration list for PBXNativeTarget "SportixUITests" */ = {
			isa = XCConfigurationList;
			buildConfigurations = (
				5128EB712FAA179D003FD4F6 /* Debug */,
				5128EB722FAA179D003FD4F6 /* Release */,
			);
			defaultConfigurationIsVisible = 0;
			defaultConfigurationName = Release;
		};
/* End XCConfigurationList section */

/* Begin XCRemoteSwiftPackageReference section */
		5128EB732FAA1B8F003FD4F6 /* XCRemoteSwiftPackageReference "SDWebImage" */ = {
			isa = XCRemoteSwiftPackageReference;
			repositoryURL = "https://github.com/SDWebImage/SDWebImage";
			requirement = {
				kind = exactVersion;
				version = 5.15.0;
			};
		};
		C74531752FAA73BE00E492B1 /* XCRemoteSwiftPackageReference "Alamofire" */ = {
			isa = XCRemoteSwiftPackageReference;
			repositoryURL = "https://github.com/Alamofire/Alamofire.git";
			requirement = {
				kind = upToNextMajorVersion;
				minimumVersion = 5.0.0;
			};
		};
/* End XCRemoteSwiftPackageReference section */

/* Begin XCSwiftPackageProductDependency section */
		5128EB742FAA1B8F003FD4F6 /* SDWebImage */ = {
			isa = XCSwiftPackageProductDependency;
			package = 5128EB732FAA1B8F003FD4F6 /* XCRemoteSwiftPackageReference "SDWebImage" */;
			productName = SDWebImage;
		};
		5128EB762FAA1B8F003FD4F6 /* SDWebImageMapKit */ = {
			isa = XCSwiftPackageProductDependency;
			package = 5128EB732FAA1B8F003FD4F6 /* XCRemoteSwiftPackageReference "SDWebImage" */;
			productName = SDWebImageMapKit;
		};
		C74531762FAA73BE00E492B1 /* Alamofire */ = {
			isa = XCSwiftPackageProductDependency;
			package = C74531752FAA73BE00E492B1 /* XCRemoteSwiftPackageReference "Alamofire" */;
			productName = Alamofire;
		};
/* End XCSwiftPackageProductDependency section */

/* Begin XCVersionGroup section */
		5128EB492FAA179B003FD4F6 /* Sportix.xcdatamodeld */ = {
			isa = XCVersionGroup;
			children = (
				5128EB4A2FAA179B003FD4F6 /* Sportix.xcdatamodel */,
			);
			currentVersion = 5128EB4A2FAA179B003FD4F6 /* Sportix.xcdatamodel */;
			path = Sportix.xcdatamodeld;
			sourceTree = "<group>";
			versionGroupType = wrapper.xcdatamodel;
		};
/* End XCVersionGroup section */
	};
	rootObject = 5128EB352FAA179B003FD4F6 /* Project object */;
}
