// !$*UTF8*$!
{
	archiveVersion = 1;
	classes = {
	};
	objectVersion = 55;
	objects = {

/* Begin PBXBuildFile section */
		5128EB412FAA179B003FD4F6 /* AppDelegate.swift in Sources */ = {isa = PBXBuildFile; fileRef = 5128EB402FAA179B003FD4F6 /* AppDelegate.swift */; };
		5128EB432FAA179B003FD4F6 /* SceneDelegate.swift in Sources */ = {isa = PBXBuildFile; fileRef = 5128EB422FAA179B003FD4F6 /* SceneDelegate.swift */; };
		5128EB452FAA179B003FD4F6 /* ViewController.swift in Sources */ = {isa = PBXBuildFile; fileRef = 5128EB442FAA179B003FD4F6 /* ViewController.swift */; };
		5128EB482FAA179B003FD4F6 /* Main.storyboard in Resources */ = {isa = PBXBuildFile; fileRef = 5128EB462FAA179B003FD4F6 /* Main.storyboard */; };
		5128EB4D2FAA179D003FD4F6 /* Assets.xcassets in Resources */ = {isa = PBXBuildFile; fileRef = 5128EB4C2FAA179D003FD4F6 /* Assets.xcassets */; };
		5128EB502FAA179D003FD4F6 /* LaunchScreen.storyboard in Resources */ = {isa = PBXBuildFile; fileRef = 5128EB4E2FAA179D003FD4F6 /* LaunchScreen.storyboard */; };
		5128EB5B2FAA179D003FD4F6 /* SportixTests.swift in Sources */ = {isa = PBXBuildFile; fileRef = 5128EB5A2FAA179D003FD4F6 /* SportixTests.swift */; };
		5128EB652FAA179D003FD4F6 /* SportixUITests.swift in Sources */ = {isa = PBXBuildFile; fileRef = 5128EB642FAA179D003FD4F6 /* SportixUITests.swift */; };
		5128EB672FAA179D003FD4F6 /* SportixUITestsLaunchTests.swift in Sources */ = {isa = PBXBuildFile; fileRef = 5128EB662FAA179D003FD4F6 /* SportixUITestsLaunchTests.swift */; };
		5128EB752FAA1B8F003FD4F6 /* SDWebImage in Frameworks */ = {isa = PBXBuildFile; productRef = 5128EB742FAA1B8F003FD4F6 /* SDWebImage */; };
		5128EB772FAA1B8F003FD4F6 /* SDWebImageMapKit in Frameworks */ = {isa = PBXBuildFile; productRef = 5128EB762FAA1B8F003FD4F6 /* SDWebImageMapKit */; };
		513C31412FAE24A0008B1D96 /* OnboardingSlide.swift in Sources */ = {isa = PBXBuildFile; fileRef = 513C31402FAE24A0008B1D96 /* OnboardingSlide.swift */; };
		513C31432FAE25EA008B1D96 /* SportixRepoImp.swift in Sources */ = {isa = PBXBuildFile; fileRef = 513C31422FAE25EA008B1D96 /* SportixRepoImp.swift */; };
		513C31442FAE2682008B1D96 /* CoreDataManager.swift in Sources */ = {isa = PBXBuildFile; fileRef = 513C313D2FAE23FE008B1D96 /* CoreDataManager.swift */; };
		513C31452FAE2685008B1D96 /* Sportix.xcdatamodeld in Sources */ = {isa = PBXBuildFile; fileRef = 513C313E2FAE23FE008B1D96 /* Sportix.xcdatamodeld */; };
		513C31492FAE27D5008B1D96 /* TeamDetailsPresenter.swift in Sources */ = {isa = PBXBuildFile; fileRef = 513C31482FAE27D5008B1D96 /* TeamDetailsPresenter.swift */; };
		513C31512FAE285E008B1D96 /* LeagueDetailsPresenter.swift in Sources */ = {isa = PBXBuildFile; fileRef = 513C31502FAE285E008B1D96 /* LeagueDetailsPresenter.swift */; };
		513C31592FAE28C5008B1D96 /* FavoritesPresnter.swift in Sources */ = {isa = PBXBuildFile; fileRef = 513C31582FAE28C5008B1D96 /* FavoritesPresnter.swift */; };
		513C31602FAE2909008B1D96 /* LeaguesPresenter.swift in Sources */ = {isa = PBXBuildFile; fileRef = 513C315F2FAE2909008B1D96 /* LeaguesPresenter.swift */; };
		513C31682FAE294D008B1D96 /* SportsPresenter.swift in Sources */ = {isa = PBXBuildFile; fileRef = 513C31672FAE294D008B1D96 /* SportsPresenter.swift */; };
		517231C32FB0BE4100EBD954 /* SportResponse.swift in Sources */ = {isa = PBXBuildFile; fileRef = 517231C22FB0BE4100EBD954 /* SportResponse.swift */; };
		517231C52FB0BE6700EBD954 /* LeagueResponse.swift in Sources */ = {isa = PBXBuildFile; fileRef = 517231C42FB0BE6700EBD954 /* LeagueResponse.swift */; };
		517231C72FB0BE8A00EBD954 /* FixtureRepsonse.swift in Sources */ = {isa = PBXBuildFile; fileRef = 517231C62FB0BE8A00EBD954 /* FixtureRepsonse.swift */; };
		517231C92FB0BE9F00EBD954 /* TeamResponse.swift in Sources */ = {isa = PBXBuildFile; fileRef = 517231C82FB0BE9F00EBD954 /* TeamResponse.swift */; };
		517231CC2FB0BEF600EBD954 /* EndpointProtocol.swift in Sources */ = {isa = PBXBuildFile; fileRef = 517231CB2FB0BEF600EBD954 /* EndpointProtocol.swift */; };
		517231CE2FB0BF1E00EBD954 /* NetworkManager.swift in Sources */ = {isa = PBXBuildFile; fileRef = 517231CD2FB0BF1E00EBD954 /* NetworkManager.swift */; };
		517231D02FB0BF9C00EBD954 /* APIService.swift in Sources */ = {isa = PBXBuildFile; fileRef = 517231CF2FB0BF9C00EBD954 /* APIService.swift */; };
		5178F9922FAE9D6A0004FEDD /* FavEntity+Mapping.swift in Sources */ = {isa = PBXBuildFile; fileRef = 5178F9912FAE9D6A0004FEDD /* FavEntity+Mapping.swift */; };
		517E57A02FABBB2E00A9D2ED /* League.swift in Sources */ = {isa = PBXBuildFile; fileRef = 517E579F2FABBB2E00A9D2ED /* League.swift */; };
		517E57A22FABBB6A00A9D2ED /* Sport.swift in Sources */ = {isa = PBXBuildFile; fileRef = 517E57A12FABBB6A00A9D2ED /* Sport.swift */; };
		517E57A42FABBC2700A9D2ED /* SportixRepo.swift in Sources */ = {isa = PBXBuildFile; fileRef = 517E57A32FABBC2700A9D2ED /* SportixRepo.swift */; };
		518A5AD22FB0B94F00BE1B25 /* SportsResponse.swift in Sources */ = {isa = PBXBuildFile; fileRef = 518A5AD12FB0B94F00BE1B25 /* SportsResponse.swift */; };
		51CB572E2FAE4BD700D4338B /* FavoriteCell.swift in Sources */ = {isa = PBXBuildFile; fileRef = 51CB572C2FAE4BD700D4338B /* FavoriteCell.swift */; };
		51CB572F2FAE4BD700D4338B /* FavoriteCell.xib in Resources */ = {isa = PBXBuildFile; fileRef = 51CB572D2FAE4BD700D4338B /* FavoriteCell.xib */; };
		51CB57312FAE5E1000D4338B /* FavoriteViewController.swift in Sources */ = {isa = PBXBuildFile; fileRef = 51CB57302FAE5E1000D4338B /* FavoriteViewController.swift */; };
		51E5B0F62FB155330041342D /* LeagueDetailsViewController.swift in Sources */ = {isa = PBXBuildFile; fileRef = 51E5B0F52FB155330041342D /* LeagueDetailsViewController.swift */; };
		51E5B0FA2FB15A160041342D /* UpcomingEventCell.swift in Sources */ = {isa = PBXBuildFile; fileRef = 51E5B0F82FB15A160041342D /* UpcomingEventCell.swift */; };
		51E5B0FB2FB15A160041342D /* UpcomingEventCell.xib in Resources */ = {isa = PBXBuildFile; fileRef = 51E5B0F92FB15A160041342D /* UpcomingEventCell.xib */; };
		51E5B0FD2FB1623D0041342D /* Fixture.swift in Sources */ = {isa = PBXBuildFile; fileRef = 51E5B0FC2FB1623D0041342D /* Fixture.swift */; };
		51E5B1002FB163F50041342D /* LatestEventCell.swift in Sources */ = {isa = PBXBuildFile; fileRef = 51E5B0FE2FB163F50041342D /* LatestEventCell.swift */; };
		51E5B1012FB163F50041342D /* LatestEventCell.xib in Resources */ = {isa = PBXBuildFile; fileRef = 51E5B0FF2FB163F50041342D /* LatestEventCell.xib */; };
		51E5B1042FB166400041342D /* TeamCell.swift in Sources */ = {isa = PBXBuildFile; fileRef = 51E5B1022FB166400041342D /* TeamCell.swift */; };
		51E5B1052FB166400041342D /* TeamCell.xib in Resources */ = {isa = PBXBuildFile; fileRef = 51E5B1032FB166400041342D /* TeamCell.xib */; };
		51E5B10B2FB1722D0041342D /* SectionHeaderView.swift in Sources */ = {isa = PBXBuildFile; fileRef = 51E5B10A2FB1722D0041342D /* SectionHeaderView.swift */; };
		51E5B10D2FB1744C0041342D /* LeagueResponse+Mapping.swift in Sources */ = {isa = PBXBuildFile; fileRef = 51E5B10C2FB1744C0041342D /* LeagueResponse+Mapping.swift */; };
		51E5B10F2FB174690041342D /* FixtureResponse+Mapping.swift in Sources */ = {isa = PBXBuildFile; fileRef = 51E5B10E2FB174690041342D /* FixtureResponse+Mapping.swift */; };
		51E5B1112FB175FB0041342D /* FixtureEndpoint.swift in Sources */ = {isa = PBXBuildFile; fileRef = 51E5B1102FB175FB0041342D /* FixtureEndpoint.swift */; };
		51E5B1132FB177220041342D /* TeamEndpoint.swift in Sources */ = {isa = PBXBuildFile; fileRef = 51E5B1122FB177220041342D /* TeamEndpoint.swift */; };
		51E5B1152FB17A880041342D /* TeamResponse+Mapping.swift in Sources */ = {isa = PBXBuildFile; fileRef = 51E5B1142FB17A880041342D /* TeamResponse+Mapping.swift */; };
		C74531772FAA73BE00E492B1 /* Alamofire in Frameworks */ = {isa = PBXBuildFile; productRef = C74531762FAA73BE00E492B1 /* Alamofire */; };
		C745317F2FAA75AD00E492B1 /* AppTheme.swift in Sources */ = {isa = PBXBuildFile; fileRef = C745317E2FAA75AD00E492B1 /* AppTheme.swift */; };
		C74531852FAA7E7900E492B1 /* OnboardingPresenter.swift in Sources */ = {isa = PBXBuildFile; fileRef = C74531842FAA7E7900E492B1 /* OnboardingPresenter.swift */; };
		C74531872FAA82F200E492B1 /* OnboardingContentViewController.swift in Sources */ = {isa = PBXBuildFile; fileRef = C74531862FAA82F200E492B1 /* OnboardingContentViewController.swift */; };
		C74531892FAA830D00E492B1 /* OnboardingViewController.swift in Sources */ = {isa = PBXBuildFile; fileRef = C74531882FAA830D00E492B1 /* OnboardingViewController.swift */; };
		C77536022FAF2B74007DCF8A /* SportsViewController.swift in Sources */ = {isa = PBXBuildFile; fileRef = C77536012FAF2B73007DCF8A /* SportsViewController.swift */; };
		C77536062FAF2D06007DCF8A /* SportCollectionViewCell.xib in Resources */ = {isa = PBXBuildFile; fileRef = C77536042FAF2D06007DCF8A /* SportCollectionViewCell.xib */; };
		C77536092FAF30BF007DCF8A /* MainTabBarController.swift in Sources */ = {isa = PBXBuildFile; fileRef = C77536082FAF30BF007DCF8A /* MainTabBarController.swift */; };
		C775360D2FAF34C0007DCF8A /* SportCollectionViewCell.swift in Sources */ = {isa = PBXBuildFile; fileRef = C775360C2FAF34C0007DCF8A /* SportCollectionViewCell.swift */; };
		C77EAB502FAF7FC400207053 /* LeaguesViewController.swift in Sources */ = {isa = PBXBuildFile; fileRef = C77EAB4F2FAF7FC400207053 /* LeaguesViewController.swift */; };
		C78DDC442FAFC86E009D8C80 /* Player.swift in Sources */ = {isa = PBXBuildFile; fileRef = C78DDC432FAFC86E009D8C80 /* Player.swift */; };
		C78DDC462FAFC8B1009D8C80 /* TeamDetails.swift in Sources */ = {isa = PBXBuildFile; fileRef = C78DDC452FAFC8B1009D8C80 /* TeamDetails.swift */; };
		C78DDC492FAFCC8C009D8C80 /* TeamHeaderTableViewCell.swift in Sources */ = {isa = PBXBuildFile; fileRef = C78DDC472FAFCC8C009D8C80 /* TeamHeaderTableViewCell.swift */; };
		C78DDC4A2FAFCC8C009D8C80 /* TeamHeaderTableViewCell.xib in Resources */ = {isa = PBXBuildFile; fileRef = C78DDC482FAFCC8C009D8C80 /* TeamHeaderTableViewCell.xib */; };
		C78DDC4D2FAFD1C3009D8C80 /* SquadTitleTableViewCell.swift in Sources */ = {isa = PBXBuildFile; fileRef = C78DDC4B2FAFD1C3009D8C80 /* SquadTitleTableViewCell.swift */; };
		C78DDC4E2FAFD1C3009D8C80 /* SquadTitleTableViewCell.xib in Resources */ = {isa = PBXBuildFile; fileRef = C78DDC4C2FAFD1C3009D8C80 /* SquadTitleTableViewCell.xib */; };
		C78DDC512FAFD26E009D8C80 /* SquadPlayerTableViewCell.swift in Sources */ = {isa = PBXBuildFile; fileRef = C78DDC4F2FAFD26E009D8C80 /* SquadPlayerTableViewCell.swift */; };
		C78DDC522FAFD26E009D8C80 /* SquadPlayerTableViewCell.xib in Resources */ = {isa = PBXBuildFile; fileRef = C78DDC502FAFD26E009D8C80 /* SquadPlayerTableViewCell.xib */; };
		C78DDC542FAFD523009D8C80 /* TeamDetailsViewController.swift in Sources */ = {isa = PBXBuildFile; fileRef = C78DDC532FAFD523009D8C80 /* TeamDetailsViewController.swift */; };
		C79302F32FAF75E1004A0F90 /* LeagueTableViewCell.swift in Sources */ = {isa = PBXBuildFile; fileRef = C79302F12FAF75E1004A0F90 /* LeagueTableViewCell.swift */; };
		C79302F42FAF75E1004A0F90 /* LeagueTableViewCell.xib in Resources */ = {isa = PBXBuildFile; fileRef = C79302F22FAF75E1004A0F90 /* LeagueTableViewCell.xib */; };
		C7A596972FAB45EC00CB6E89 /* AppSettingsLocalDataSource.swift in Sources */ = {isa = PBXBuildFile; fileRef = C7A596962FAB45E800CB6E89 /* AppSettingsLocalDataSource.swift */; };
/* End PBXBuildFile section */

/* Begin PBXContainerItemProxy section */
		5128EB572FAA179D003FD4F6 /* PBXContainerItemProxy */ = {
			isa = PBXContainerItemProxy;
			containerPortal = 5128EB352FAA179B003FD4F6 /* Project object */;
			proxyType = 1;
			remoteGlobalIDString = 5128EB3C2FAA179B003FD4F6;
			remoteInfo = Sportix;
		};
		5128EB612FAA179D003FD4F6 /* PBXContainerItemProxy */ = {
			isa = PBXContainerItemProxy;
			containerPortal = 5128EB352FAA179B003FD4F6 /* Project object */;
			proxyType = 1;
			remoteGlobalIDString = 5128EB3C2FAA179B003FD4F6;
			remoteInfo = Sportix;
		};
/* End PBXContainerItemProxy section */

/* Begin PBXFileReference section */
		5128EB3D2FAA179B003FD4F6 /* Sportix.app */ = {isa = PBXFileReference; explicitFileType = wrapper.application; includeInIndex = 0; path = Sportix.app; sourceTree = BUILT_PRODUCTS_DIR; };
		5128EB402FAA179B003FD4F6 /* AppDelegate.swift */ = {isa = PBXFileReference; lastKnownFileType = sourcecode.swift; path = AppDelegate.swift; sourceTree = "<group>"; };
		5128EB422FAA179B003FD4F6 /* SceneDelegate.swift */ = {isa = PBXFileReference; lastKnownFileType = sourcecode.swift; path = SceneDelegate.swift; sourceTree = "<group>"; };
		5128EB442FAA179B003FD4F6 /* ViewController.swift */ = {isa = PBXFileReference; lastKnownFileType = sourcecode.swift; path = ViewController.swift; sourceTree = "<group>"; };
		5128EB472FAA179B003FD4F6 /* Base */ = {isa = PBXFileReference; lastKnownFileType = file.storyboard; name = Base; path = Base.lproj/Main.storyboard; sourceTree = "<group>"; };
		5128EB4C2FAA179D003FD4F6 /* Assets.xcassets */ = {isa = PBXFileReference; lastKnownFileType = folder.assetcatalog; path = Assets.xcassets; sourceTree = "<group>"; };
		5128EB4F2FAA179D003FD4F6 /* Base */ = {isa = PBXFileReference; lastKnownFileType = file.storyboard; name = Base; path = Base.lproj/LaunchScreen.storyboard; sourceTree = "<group>"; };
		5128EB512FAA179D003FD4F6 /* Info.plist */ = {isa = PBXFileReference; lastKnownFileType = text.plist.xml; path = Info.plist; sourceTree = "<group>"; };
		5128EB562FAA179D003FD4F6 /* SportixTests.xctest */ = {isa = PBXFileReference; explicitFileType = wrapper.cfbundle; includeInIndex = 0; path = SportixTests.xctest; sourceTree = BUILT_PRODUCTS_DIR; };
		5128EB5A2FAA179D003FD4F6 /* SportixTests.swift */ = {isa = PBXFileReference; lastKnownFileType = sourcecode.swift; path = SportixTests.swift; sourceTree = "<group>"; };
		5128EB602FAA179D003FD4F6 /* SportixUITests.xctest */ = {isa = PBXFileReference; explicitFileType = wrapper.cfbundle; includeInIndex = 0; path = SportixUITests.xctest; sourceTree = BUILT_PRODUCTS_DIR; };
		5128EB642FAA179D003FD4F6 /* SportixUITests.swift */ = {isa = PBXFileReference; lastKnownFileType = sourcecode.swift; path = SportixUITests.swift; sourceTree = "<group>"; };
		5128EB662FAA179D003FD4F6 /* SportixUITestsLaunchTests.swift */ = {isa = PBXFileReference; lastKnownFileType = sourcecode.swift; path = SportixUITestsLaunchTests.swift; sourceTree = "<group>"; };
		513C313D2FAE23FE008B1D96 /* CoreDataManager.swift */ = {isa = PBXFileReference; lastKnownFileType = sourcecode.swift; path = CoreDataManager.swift; sourceTree = "<group>"; };
		513C313F2FAE23FE008B1D96 /* Sportix.xcdatamodel */ = {isa = PBXFileReference; lastKnownFileType = wrapper.xcdatamodel; path = Sportix.xcdatamodel; sourceTree = "<group>"; };
		513C31402FAE24A0008B1D96 /* OnboardingSlide.swift */ = {isa = PBXFileReference; fileEncoding = 4; lastKnownFileType = sourcecode.swift; path = OnboardingSlide.swift; sourceTree = "<group>"; };
		513C31422FAE25EA008B1D96 /* SportixRepoImp.swift */ = {isa = PBXFileReference; lastKnownFileType = sourcecode.swift; path = SportixRepoImp.swift; sourceTree = "<group>"; };
		513C31482FAE27D5008B1D96 /* TeamDetailsPresenter.swift */ = {isa = PBXFileReference; lastKnownFileType = sourcecode.swift; path = TeamDetailsPresenter.swift; sourceTree = "<group>"; };
		513C31502FAE285E008B1D96 /* LeagueDetailsPresenter.swift */ = {isa = PBXFileReference; lastKnownFileType = sourcecode.swift; path = LeagueDetailsPresenter.swift; sourceTree = "<group>"; };
		513C31582FAE28C5008B1D96 /* FavoritesPresnter.swift */ = {isa = PBXFileReference; lastKnownFileType = sourcecode.swift; path = FavoritesPresnter.swift; sourceTree = "<group>"; };
		513C315F2FAE2909008B1D96 /* LeaguesPresenter.swift */ = {isa = PBXFileReference; lastKnownFileType = sourcecode.swift; path = LeaguesPresenter.swift; sourceTree = "<group>"; };
		513C31672FAE294D008B1D96 /* SportsPresenter.swift */ = {isa = PBXFileReference; lastKnownFileType = sourcecode.swift; path = SportsPresenter.swift; sourceTree = "<group>"; };
		517231C22FB0BE4100EBD954 /* SportResponse.swift */ = {isa = PBXFileReference; lastKnownFileType = sourcecode.swift; path = SportResponse.swift; sourceTree = "<group>"; };
		517231C42FB0BE6700EBD954 /* LeagueResponse.swift */ = {isa = PBXFileReference; lastKnownFileType = sourcecode.swift; path = LeagueResponse.swift; sourceTree = "<group>"; };
		517231C62FB0BE8A00EBD954 /* FixtureRepsonse.swift */ = {isa = PBXFileReference; lastKnownFileType = sourcecode.swift; path = FixtureRepsonse.swift; sourceTree = "<group>"; };
		517231C82FB0BE9F00EBD954 /* TeamResponse.swift */ = {isa = PBXFileReference; lastKnownFileType = sourcecode.swift; path = TeamResponse.swift; sourceTree = "<group>"; };
		517231CB2FB0BEF600EBD954 /* EndpointProtocol.swift */ = {isa = PBXFileReference; lastKnownFileType = sourcecode.swift; path = EndpointProtocol.swift; sourceTree = "<group>"; };
		517231CD2FB0BF1E00EBD954 /* NetworkManager.swift */ = {isa = PBXFileReference; lastKnownFileType = sourcecode.swift; path = NetworkManager.swift; sourceTree = "<group>"; };
		517231CF2FB0BF9C00EBD954 /* APIService.swift */ = {isa = PBXFileReference; lastKnownFileType = sourcecode.swift; path = APIService.swift; sourceTree = "<group>"; };
		517231D12FB0C43300EBD954 /* Config.xcconfig */ = {isa = PBXFileReference; lastKnownFileType = text.xcconfig; path = Config.xcconfig; sourceTree = "<group>"; };
		5178F9912FAE9D6A0004FEDD /* FavEntity+Mapping.swift */ = {isa = PBXFileReference; lastKnownFileType = sourcecode.swift; path = "FavEntity+Mapping.swift"; sourceTree = "<group>"; };
		517E579F2FABBB2E00A9D2ED /* League.swift */ = {isa = PBXFileReference; lastKnownFileType = sourcecode.swift; path = League.swift; sourceTree = "<group>"; };
		517E57A12FABBB6A00A9D2ED /* Sport.swift */ = {isa = PBXFileReference; lastKnownFileType = sourcecode.swift; path = Sport.swift; sourceTree = "<group>"; };
		517E57A32FABBC2700A9D2ED /* SportixRepo.swift */ = {isa = PBXFileReference; lastKnownFileType = sourcecode.swift; path = SportixRepo.swift; sourceTree = "<group>"; };
		518A5AD12FB0B94F00BE1B25 /* SportsResponse.swift */ = {isa = PBXFileReference; lastKnownFileType = sourcecode.swift; path = SportsResponse.swift; sourceTree = "<group>"; };
		51CB572C2FAE4BD700D4338B /* FavoriteCell.swift */ = {isa = PBXFileReference; lastKnownFileType = sourcecode.swift; path = FavoriteCell.swift; sourceTree = "<group>"; };
		51CB572D2FAE4BD700D4338B /* FavoriteCell.xib */ = {isa = PBXFileReference; lastKnownFileType = file.xib; path = FavoriteCell.xib; sourceTree = "<group>"; };
		51CB57302FAE5E1000D4338B /* FavoriteViewController.swift */ = {isa = PBXFileReference; lastKnownFileType = sourcecode.swift; path = FavoriteViewController.swift; sourceTree = "<group>"; };
		51E5B0F52FB155330041342D /* LeagueDetailsViewController.swift */ = {isa = PBXFileReference; lastKnownFileType = sourcecode.swift; path = LeagueDetailsViewController.swift; sourceTree = "<group>"; };
		51E5B0F82FB15A160041342D /* UpcomingEventCell.swift */ = {isa = PBXFileReference; lastKnownFileType = sourcecode.swift; path = UpcomingEventCell.swift; sourceTree = "<group>"; };
		51E5B0F92FB15A160041342D /* UpcomingEventCell.xib */ = {isa = PBXFileReference; lastKnownFileType = file.xib; path = UpcomingEventCell.xib; sourceTree = "<group>"; };
		51E5B0FC2FB1623D0041342D /* Fixture.swift */ = {isa = PBXFileReference; lastKnownFileType = sourcecode.swift; path = Fixture.swift; sourceTree = "<group>"; };
		51E5B0FE2FB163F50041342D /* LatestEventCell.swift */ = {isa = PBXFileReference; lastKnownFileType = sourcecode.swift; path = LatestEventCell.swift; sourceTree = "<group>"; };
		51E5B0FF2FB163F50041342D /* LatestEventCell.xib */ = {isa = PBXFileReference; lastKnownFileType = file.xib; path = LatestEventCell.xib; sourceTree = "<group>"; };
		51E5B1022FB166400041342D /* TeamCell.swift */ = {isa = PBXFileReference; lastKnownFileType = sourcecode.swift; path = TeamCell.swift; sourceTree = "<group>"; };
		51E5B1032FB166400041342D /* TeamCell.xib */ = {isa = PBXFileReference; lastKnownFileType = file.xib; path = TeamCell.xib; sourceTree = "<group>"; };
		51E5B10A2FB1722D0041342D /* SectionHeaderView.swift */ = {isa = PBXFileReference; lastKnownFileType = sourcecode.swift; path = SectionHeaderView.swift; sourceTree = "<group>"; };
		51E5B10C2FB1744C0041342D /* LeagueResponse+Mapping.swift */ = {isa = PBXFileReference; lastKnownFileType = sourcecode.swift; path = "LeagueResponse+Mapping.swift"; sourceTree = "<group>"; };
		51E5B10E2FB174690041342D /* FixtureResponse+Mapping.swift */ = {isa = PBXFileReference; lastKnownFileType = sourcecode.swift; path = "FixtureResponse+Mapping.swift"; sourceTree = "<group>"; };
		51E5B1102FB175FB0041342D /* FixtureEndpoint.swift */ = {isa = PBXFileReference; lastKnownFileType = sourcecode.swift; path = FixtureEndpoint.swift; sourceTree = "<group>"; };
		51E5B1122FB177220041342D /* TeamEndpoint.swift */ = {isa = PBXFileReference; lastKnownFileType = sourcecode.swift; path = TeamEndpoint.swift; sourceTree = "<group>"; };
		51E5B1142FB17A880041342D /* TeamResponse+Mapping.swift */ = {isa = PBXFileReference; lastKnownFileType = sourcecode.swift; path = "TeamResponse+Mapping.swift"; sourceTree = "<group>"; };
		C745317E2FAA75AD00E492B1 /* AppTheme.swift */ = {isa = PBXFileReference; lastKnownFileType = sourcecode.swift; path = AppTheme.swift; sourceTree = "<group>"; };
		C74531842FAA7E7900E492B1 /* OnboardingPresenter.swift */ = {isa = PBXFileReference; lastKnownFileType = sourcecode.swift; path = OnboardingPresenter.swift; sourceTree = "<group>"; };
		C74531862FAA82F200E492B1 /* OnboardingContentViewController.swift */ = {isa = PBXFileReference; lastKnownFileType = sourcecode.swift; path = OnboardingContentViewController.swift; sourceTree = "<group>"; };
		C74531882FAA830D00E492B1 /* OnboardingViewController.swift */ = {isa = PBXFileReference; lastKnownFileType = sourcecode.swift; path = OnboardingViewController.swift; sourceTree = "<group>"; };
		C77536012FAF2B73007DCF8A /* SportsViewController.swift */ = {isa = PBXFileReference; lastKnownFileType = sourcecode.swift; path = SportsViewController.swift; sourceTree = "<group>"; };
		C77536042FAF2D06007DCF8A /* SportCollectionViewCell.xib */ = {isa = PBXFileReference; lastKnownFileType = file.xib; path = SportCollectionViewCell.xib; sourceTree = "<group>"; };
		C77536082FAF30BF007DCF8A /* MainTabBarController.swift */ = {isa = PBXFileReference; lastKnownFileType = sourcecode.swift; path = MainTabBarController.swift; sourceTree = "<group>"; };
		C775360C2FAF34C0007DCF8A /* SportCollectionViewCell.swift */ = {isa = PBXFileReference; lastKnownFileType = sourcecode.swift; path = SportCollectionViewCell.swift; sourceTree = "<group>"; };
		C77EAB4F2FAF7FC400207053 /* LeaguesViewController.swift */ = {isa = PBXFileReference; lastKnownFileType = sourcecode.swift; path = LeaguesViewController.swift; sourceTree = "<group>"; };
		C78DDC432FAFC86E009D8C80 /* Player.swift */ = {isa = PBXFileReference; lastKnownFileType = sourcecode.swift; path = Player.swift; sourceTree = "<group>"; };
		C78DDC452FAFC8B1009D8C80 /* TeamDetails.swift */ = {isa = PBXFileReference; lastKnownFileType = sourcecode.swift; path = TeamDetails.swift; sourceTree = "<group>"; };
		C78DDC472FAFCC8C009D8C80 /* TeamHeaderTableViewCell.swift */ = {isa = PBXFileReference; lastKnownFileType = sourcecode.swift; path = TeamHeaderTableViewCell.swift; sourceTree = "<group>"; };
		C78DDC482FAFCC8C009D8C80 /* TeamHeaderTableViewCell.xib */ = {isa = PBXFileReference; lastKnownFileType = file.xib; path = TeamHeaderTableViewCell.xib; sourceTree = "<group>"; };
		C78DDC4B2FAFD1C3009D8C80 /* SquadTitleTableViewCell.swift */ = {isa = PBXFileReference; lastKnownFileType = sourcecode.swift; path = SquadTitleTableViewCell.swift; sourceTree = "<group>"; };
		C78DDC4C2FAFD1C3009D8C80 /* SquadTitleTableViewCell.xib */ = {isa = PBXFileReference; lastKnownFileType = file.xib; path = SquadTitleTableViewCell.xib; sourceTree = "<group>"; };
		C78DDC4F2FAFD26E009D8C80 /* SquadPlayerTableViewCell.swift */ = {isa = PBXFileReference; lastKnownFileType = sourcecode.swift; path = SquadPlayerTableViewCell.swift; sourceTree = "<group>"; };
		C78DDC502FAFD26E009D8C80 /* SquadPlayerTableViewCell.xib */ = {isa = PBXFileReference; lastKnownFileType = file.xib; path = SquadPlayerTableViewCell.xib; sourceTree = "<group>"; };
		C78DDC532FAFD523009D8C80 /* TeamDetailsViewController.swift */ = {isa = PBXFileReference; lastKnownFileType = sourcecode.swift; path = TeamDetailsViewController.swift; sourceTree = "<group>"; };
		C79302F12FAF75E1004A0F90 /* LeagueTableViewCell.swift */ = {isa = PBXFileReference; lastKnownFileType = sourcecode.swift; path = LeagueTableViewCell.swift; sourceTree = "<group>"; };
		C79302F22FAF75E1004A0F90 /* LeagueTableViewCell.xib */ = {isa = PBXFileReference; lastKnownFileType = file.xib; path = LeagueTableViewCell.xib; sourceTree = "<group>"; };
		C7A596962FAB45E800CB6E89 /* AppSettingsLocalDataSource.swift */ = {isa = PBXFileReference; lastKnownFileType = sourcecode.swift; path = AppSettingsLocalDataSource.swift; sourceTree = "<group>"; };
/* End PBXFileReference section */

/* Begin PBXFrameworksBuildPhase section */
		5128EB3A2FAA179B003FD4F6 /* Frameworks */ = {
			isa = PBXFrameworksBuildPhase;
			buildActionMask = 2147483647;
			files = (
				C74531772FAA73BE00E492B1 /* Alamofire in Frameworks */,
				5128EB772FAA1B8F003FD4F6 /* SDWebImageMapKit in Frameworks */,
				5128EB752FAA1B8F003FD4F6 /* SDWebImage in Frameworks */,
			);
			runOnlyForDeploymentPostprocessing = 0;
		};
		5128EB532FAA179D003FD4F6 /* Frameworks */ = {
			isa = PBXFrameworksBuildPhase;
			buildActionMask = 2147483647;
			files = (
			);
			runOnlyForDeploymentPostprocessing = 0;
		};
		5128EB5D2FAA179D003FD4F6 /* Frameworks */ = {
			isa = PBXFrameworksBuildPhase;
			buildActionMask = 2147483647;
			files = (
			);
			runOnlyForDeploymentPostprocessing = 0;
		};
/* End PBXFrameworksBuildPhase section */

/* Begin PBXGroup section */
		5128EB342FAA179B003FD4F6 = {
			isa = PBXGroup;
			children = (
				5128EB3F2FAA179B003FD4F6 /* Sportix */,
				5128EB592FAA179D003FD4F6 /* SportixTests */,
				5128EB632FAA179D003FD4F6 /* SportixUITests */,
				5128EB3E2FAA179B003FD4F6 /* Products */,
			);
			sourceTree = "<group>";
		};
		5128EB3E2FAA179B003FD4F6 /* Products */ = {
			isa = PBXGroup;
			children = (
				5128EB3D2FAA179B003FD4F6 /* Sportix.app */,
				5128EB562FAA179D003FD4F6 /* SportixTests.xctest */,
				5128EB602FAA179D003FD4F6 /* SportixUITests.xctest */,
			);
			name = Products;
			sourceTree = "<group>";
		};
		5128EB3F2FAA179B003FD4F6 /* Sportix */ = {
			isa = PBXGroup;
			children = (
				C7556C952FAA42E900F9A536 /* Utils */,
				C7556C942FAA42CF00F9A536 /* Presentation  */,
				517E579C2FABBAE000A9D2ED /* Domain */,
				C7556C932FAA429E00F9A536 /* Data */,
				5128EB402FAA179B003FD4F6 /* AppDelegate.swift */,
				5128EB422FAA179B003FD4F6 /* SceneDelegate.swift */,
				5128EB442FAA179B003FD4F6 /* ViewController.swift */,
				5128EB462FAA179B003FD4F6 /* Main.storyboard */,
				5128EB4C2FAA179D003FD4F6 /* Assets.xcassets */,
				5128EB4E2FAA179D003FD4F6 /* LaunchScreen.storyboard */,
				5128EB512FAA179D003FD4F6 /* Info.plist */,
				517231D12FB0C43300EBD954 /* Config.xcconfig */,
			);
			path = Sportix;
			sourceTree = "<group>";
		};
		5128EB592FAA179D003FD4F6 /* SportixTests */ = {
			isa = PBXGroup;
			children = (
				5128EB5A2FAA179D003FD4F6 /* SportixTests.swift */,
			);
			path = SportixTests;
			sourceTree = "<group>";
		};
		5128EB632FAA179D003FD4F6 /* SportixUITests */ = {
			isa = PBXGroup;
			children = (
				5128EB642FAA179D003FD4F6 /* SportixUITests.swift */,
				5128EB662FAA179D003FD4F6 /* SportixUITestsLaunchTests.swift */,
			);
			path = SportixUITests;
			sourceTree = "<group>";
		};
		513C313C2FAE23FE008B1D96 /* CoreData */ = {
			isa = PBXGroup;
			children = (
				513C313D2FAE23FE008B1D96 /* CoreDataManager.swift */,
				513C313E2FAE23FE008B1D96 /* Sportix.xcdatamodeld */,
			);
			path = CoreData;
			sourceTree = "<group>";
		};
		513C31462FAE27A8008B1D96 /* view */ = {
			isa = PBXGroup;
			children = (
				C78DDC422FAFC705009D8C80 /* Cell */,
				C78DDC532FAFD523009D8C80 /* TeamDetailsViewController.swift */,
			);
			path = view;
			sourceTree = "<group>";
		};
		513C31472FAE27B3008B1D96 /* presenter */ = {
			isa = PBXGroup;
			children = (
				513C31482FAE27D5008B1D96 /* TeamDetailsPresenter.swift */,
			);
			path = presenter;
			sourceTree = "<group>";
		};
		513C314C2FAE2820008B1D96 /* presenter */ = {
			isa = PBXGroup;
			children = (
				513C31502FAE285E008B1D96 /* LeagueDetailsPresenter.swift */,
			);
			path = presenter;
			sourceTree = "<group>";
		};
		513C314D2FAE2830008B1D96 /* view */ = {
			isa = PBXGroup;
			children = (
				51E5B0F72FB159760041342D /* Cell */,
				51E5B0F52FB155330041342D /* LeagueDetailsViewController.swift */,
				51E5B10A2FB1722D0041342D /* SectionHeaderView.swift */,
			);
			path = view;
			sourceTree = "<group>";
		};
		513C31542FAE289F008B1D96 /* view */ = {
			isa = PBXGroup;
			children = (
				51CB572D2FAE4BD700D4338B /* FavoriteCell.xib */,
				51CB572C2FAE4BD700D4338B /* FavoriteCell.swift */,
				51CB57302FAE5E1000D4338B /* FavoriteViewController.swift */,
			);
			path = view;
			sourceTree = "<group>";
		};
		513C31552FAE28A3008B1D96 /* presenter */ = {
			isa = PBXGroup;
			children = (
				513C31582FAE28C5008B1D96 /* FavoritesPresnter.swift */,
			);
			path = presenter;
			sourceTree = "<group>";
		};
		513C315D2FAE28F0008B1D96 /* view */ = {
			isa = PBXGroup;
			children = (
				C76592292FAF519700604301 /* Cell */,
				C77EAB4F2FAF7FC400207053 /* LeaguesViewController.swift */,
			);
			path = view;
			sourceTree = "<group>";
		};
		513C315E2FAE28FA008B1D96 /* presenter */ = {
			isa = PBXGroup;
			children = (
				513C315F2FAE2909008B1D96 /* LeaguesPresenter.swift */,
			);
			path = presenter;
			sourceTree = "<group>";
		};
		513C31652FAE293A008B1D96 /* view */ = {
			isa = PBXGroup;
			children = (
				C775360B2FAF3406007DCF8A /* Cell */,
				C77536012FAF2B73007DCF8A /* SportsViewController.swift */,
			);
			path = view;
			sourceTree = "<group>";
		};
		513C31662FAE293F008B1D96 /* presenter */ = {
			isa = PBXGroup;
			children = (
				513C31672FAE294D008B1D96 /* SportsPresenter.swift */,
			);
			path = presenter;
			sourceTree = "<group>";
		};
		517231CA2FB0BECA00EBD954 /* Endpoint */ = {
			isa = PBXGroup;
			children = (
				517231CB2FB0BEF600EBD954 /* EndpointProtocol.swift */,
				51E5B1102FB175FB0041342D /* FixtureEndpoint.swift */,
				51E5B1122FB177220041342D /* TeamEndpoint.swift */,
			);
			path = Endpoint;
			sourceTree = "<group>";
		};
		517E57992FABB8EA00A9D2ED /* Repo */ = {
			isa = PBXGroup;
			children = (
				513C31422FAE25EA008B1D96 /* SportixRepoImp.swift */,
			);
			path = Repo;
			sourceTree = "<group>";
		};
		517E579C2FABBAE000A9D2ED /* Domain */ = {
			isa = PBXGroup;
			children = (
				517E579E2FABBB1700A9D2ED /* Repo */,
				517E579D2FABBB0900A9D2ED /* Models */,
			);
			path = Domain;
			sourceTree = "<group>";
		};
		517E579D2FABBB0900A9D2ED /* Models */ = {
			isa = PBXGroup;
			children = (
				513C31402FAE24A0008B1D96 /* OnboardingSlide.swift */,
				517E579F2FABBB2E00A9D2ED /* League.swift */,
				517E57A12FABBB6A00A9D2ED /* Sport.swift */,
				C78DDC432FAFC86E009D8C80 /* Player.swift */,
				C78DDC452FAFC8B1009D8C80 /* TeamDetails.swift */,
				51E5B0FC2FB1623D0041342D /* Fixture.swift */,
			);
			path = Models;
			sourceTree = "<group>";
		};
		517E579E2FABBB1700A9D2ED /* Repo */ = {
			isa = PBXGroup;
			children = (
				517E57A32FABBC2700A9D2ED /* SportixRepo.swift */,
			);
			path = Repo;
			sourceTree = "<group>";
		};
		51E5B0F72FB159760041342D /* Cell */ = {
			isa = PBXGroup;
			children = (
				51E5B0F82FB15A160041342D /* UpcomingEventCell.swift */,
				51E5B0F92FB15A160041342D /* UpcomingEventCell.xib */,
				51E5B0FE2FB163F50041342D /* LatestEventCell.swift */,
				51E5B0FF2FB163F50041342D /* LatestEventCell.xib */,
				51E5B1022FB166400041342D /* TeamCell.swift */,
				51E5B1032FB166400041342D /* TeamCell.xib */,
			);
			path = Cell;
			sourceTree = "<group>";
		};
		C74531782FAA752800E492B1 /* Sports */ = {
			isa = PBXGroup;
			children = (
				513C31662FAE293F008B1D96 /* presenter */,
				513C31652FAE293A008B1D96 /* view */,
			);
			path = Sports;
			sourceTree = "<group>";
		};
		C74531792FAA754400E492B1 /* Leagues */ = {
			isa = PBXGroup;
			children = (
				513C315E2FAE28FA008B1D96 /* presenter */,
				513C315D2FAE28F0008B1D96 /* view */,
			);
			path = Leagues;
			sourceTree = "<group>";
		};
		C745317A2FAA755000E492B1 /* Favorites */ = {
			isa = PBXGroup;
			children = (
				513C31552FAE28A3008B1D96 /* presenter */,
				513C31542FAE289F008B1D96 /* view */,
			);
			path = Favorites;
			sourceTree = "<group>";
		};
		C745317B2FAA755C00E492B1 /* LeagueDetails */ = {
			isa = PBXGroup;
			children = (
				513C314D2FAE2830008B1D96 /* view */,
				513C314C2FAE2820008B1D96 /* presenter */,
			);
			path = LeagueDetails;
			sourceTree = "<group>";
		};
		C745317C2FAA756900E492B1 /* TeamDetails */ = {
			isa = PBXGroup;
			children = (
				513C31472FAE27B3008B1D96 /* presenter */,
				513C31462FAE27A8008B1D96 /* view */,
			);
			path = TeamDetails;
			sourceTree = "<group>";
		};
		C745317D2FAA757800E492B1 /* Onboarding */ = {
			isa = PBXGroup;
			children = (
				C74531832FAA7E5D00E492B1 /* Presenter */,
				C74531822FAA7E5200E492B1 /* View */,
			);
			path = Onboarding;
			sourceTree = "<group>";
		};
		C74531822FAA7E5200E492B1 /* View */ = {
			isa = PBXGroup;
			children = (
				C74531862FAA82F200E492B1 /* OnboardingContentViewController.swift */,
				C74531882FAA830D00E492B1 /* OnboardingViewController.swift */,
			);
			path = View;
			sourceTree = "<group>";
		};
		C74531832FAA7E5D00E492B1 /* Presenter */ = {
			isa = PBXGroup;
			children = (
				C74531842FAA7E7900E492B1 /* OnboardingPresenter.swift */,
			);
			path = Presenter;
			sourceTree = "<group>";
		};
		C7556C932FAA429E00F9A536 /* Data */ = {
			isa = PBXGroup;
			children = (
				C7A5969B2FAB476100CB6E89 /* Mapper */,
				C7A596982FAB470C00CB6E89 /* Remote */,
				C7A596922FAB425A00CB6E89 /* Local */,
				517E57992FABB8EA00A9D2ED /* Repo */,
			);
			path = Data;
			sourceTree = "<group>";
		};
		C7556C942FAA42CF00F9A536 /* Presentation  */ = {
			isa = PBXGroup;
			children = (
				C7556C992FAA456400F9A536 /* Scenes */,
			);
			path = "Presentation ";
			sourceTree = "<group>";
		};
		C7556C952FAA42E900F9A536 /* Utils */ = {
			isa = PBXGroup;
			children = (
				C745317E2FAA75AD00E492B1 /* AppTheme.swift */,
			);
			path = Utils;
			sourceTree = "<group>";
		};
		C7556C992FAA456400F9A536 /* Scenes */ = {
			isa = PBXGroup;
			children = (
				C77536072FAF3098007DCF8A /* MainTabBar */,
				C745317D2FAA757800E492B1 /* Onboarding */,
				C745317C2FAA756900E492B1 /* TeamDetails */,
				C745317B2FAA755C00E492B1 /* LeagueDetails */,
				C745317A2FAA755000E492B1 /* Favorites */,
				C74531792FAA754400E492B1 /* Leagues */,
				C74531782FAA752800E492B1 /* Sports */,
			);
			path = Scenes;
			sourceTree = "<group>";
		};
		C76592292FAF519700604301 /* Cell */ = {
			isa = PBXGroup;
			children = (
				C79302F12FAF75E1004A0F90 /* LeagueTableViewCell.swift */,
				C79302F22FAF75E1004A0F90 /* LeagueTableViewCell.xib */,
			);
			path = Cell;
			sourceTree = "<group>";
		};
		C77536072FAF3098007DCF8A /* MainTabBar */ = {
			isa = PBXGroup;
			children = (
				C77536082FAF30BF007DCF8A /* MainTabBarController.swift */,
			);
			path = MainTabBar;
			sourceTree = "<group>";
		};
		C775360B2FAF3406007DCF8A /* Cell */ = {
			isa = PBXGroup;
			children = (
				C77536042FAF2D06007DCF8A /* SportCollectionViewCell.xib */,
				C775360C2FAF34C0007DCF8A /* SportCollectionViewCell.swift */,
			);
			path = Cell;
			sourceTree = "<group>";
		};
		C78DDC422FAFC705009D8C80 /* Cell */ = {
			isa = PBXGroup;
			children = (
				C78DDC472FAFCC8C009D8C80 /* TeamHeaderTableViewCell.swift */,
				C78DDC482FAFCC8C009D8C80 /* TeamHeaderTableViewCell.xib */,
				C78DDC4B2FAFD1C3009D8C80 /* SquadTitleTableViewCell.swift */,
				C78DDC4C2FAFD1C3009D8C80 /* SquadTitleTableViewCell.xib */,
				C78DDC4F2FAFD26E009D8C80 /* SquadPlayerTableViewCell.swift */,
				C78DDC502FAFD26E009D8C80 /* SquadPlayerTableViewCell.xib */,
			);
			path = Cell;
			sourceTree = "<group>";
		};
		C7A596922FAB425A00CB6E89 /* Local */ = {
			isa = PBXGroup;
			children = (
				513C313C2FAE23FE008B1D96 /* CoreData */,
				C7A596932FAB42BD00CB6E89 /* UserDefaults */,
			);
			path = Local;
			sourceTree = "<group>";
		};
		C7A596932FAB42BD00CB6E89 /* UserDefaults */ = {
			isa = PBXGroup;
			children = (
				C7A596962FAB45E800CB6E89 /* AppSettingsLocalDataSource.swift */,
			);
			path = UserDefaults;
			sourceTree = "<group>";
		};
		C7A596982FAB470C00CB6E89 /* Remote */ = {
			isa = PBXGroup;
			children = (
				517231CA2FB0BECA00EBD954 /* Endpoint */,
				C7A596992FAB472800CB6E89 /* Model */,
				517231CD2FB0BF1E00EBD954 /* NetworkManager.swift */,
				517231CF2FB0BF9C00EBD954 /* APIService.swift */,
			);
			path = Remote;
			sourceTree = "<group>";
		};
		C7A596992FAB472800CB6E89 /* Model */ = {
			isa = PBXGroup;
			children = (
				518A5AD12FB0B94F00BE1B25 /* SportsResponse.swift */,
				517231C22FB0BE4100EBD954 /* SportResponse.swift */,
				517231C42FB0BE6700EBD954 /* LeagueResponse.swift */,
				517231C62FB0BE8A00EBD954 /* FixtureRepsonse.swift */,
				517231C82FB0BE9F00EBD954 /* TeamResponse.swift */,
			);
			path = Model;
			sourceTree = "<group>";
		};
		C7A5969B2FAB476100CB6E89 /* Mapper */ = {
			isa = PBXGroup;
			children = (
				5178F9912FAE9D6A0004FEDD /* FavEntity+Mapping.swift */,
				51E5B10C2FB1744C0041342D /* LeagueResponse+Mapping.swift */,
				51E5B10E2FB174690041342D /* FixtureResponse+Mapping.swift */,
				51E5B1142FB17A880041342D /* TeamResponse+Mapping.swift */,
			);
			path = Mapper;
			sourceTree = "<group>";
		};
/* End PBXGroup section */

/* Begin PBXNativeTarget section */
		5128EB3C2FAA179B003FD4F6 /* Sportix */ = {
			isa = PBXNativeTarget;
			buildConfigurationList = 5128EB6A2FAA179D003FD4F6 /* Build configuration list for PBXNativeTarget "Sportix" */;
			buildPhases = (
				5128EB392FAA179B003FD4F6 /* Sources */,
				5128EB3A2FAA179B003FD4F6 /* Frameworks */,
				5128EB3B2FAA179B003FD4F6 /* Resources */,
			);
			buildRules = (
			);
			dependencies = (
			);
			name = Sportix;
			packageProductDependencies = (
				5128EB742FAA1B8F003FD4F6 /* SDWebImage */,
				5128EB762FAA1B8F003FD4F6 /* SDWebImageMapKit */,
				C74531762FAA73BE00E492B1 /* Alamofire */,
			);
			productName = Sportix;
			productReference = 5128EB3D2FAA179B003FD4F6 /* Sportix.app */;
			productType = "com.apple.product-type.application";
		};
		5128EB552FAA179D003FD4F6 /* SportixTests */ = {
			isa = PBXNativeTarget;
			buildConfigurationList = 5128EB6D2FAA179D003FD4F6 /* Build configuration list for PBXNativeTarget "SportixTests" */;
			buildPhases = (
				5128EB522FAA179D003FD4F6 /* Sources */,
				5128EB532FAA179D003FD4F6 /* Frameworks */,
				5128EB542FAA179D003FD4F6 /* Resources */,
			);
			buildRules = (
			);
			dependencies = (
				5128EB582FAA179D003FD4F6 /* PBXTargetDependency */,
			);
			name = SportixTests;
			productName = SportixTests;
			productReference = 5128EB562FAA179D003FD4F6 /* SportixTests.xctest */;
			productType = "com.apple.product-type.bundle.unit-test";
		};
		5128EB5F2FAA179D003FD4F6 /* SportixUITests */ = {
			isa = PBXNativeTarget;
			buildConfigurationList = 5128EB702FAA179D003FD4F6 /* Build configuration list for PBXNativeTarget "SportixUITests" */;
			buildPhases = (
				5128EB5C2FAA179D003FD4F6 /* Sources */,
				5128EB5D2FAA179D003FD4F6 /* Frameworks */,
				5128EB5E2FAA179D003FD4F6 /* Resources */,
			);
			buildRules = (
			);
			dependencies = (
				5128EB622FAA179D003FD4F6 /* PBXTargetDependency */,
			);
			name = SportixUITests;
			productName = SportixUITests;
			productReference = 5128EB602FAA179D003FD4F6 /* SportixUITests.xctest */;
			productType = "com.apple.product-type.bundle.ui-testing";
		};
/* End PBXNativeTarget section */

/* Begin PBXProject section */
		5128EB352FAA179B003FD4F6 /* Project object */ = {
			isa = PBXProject;
			attributes = {
				BuildIndependentTargetsInParallel = 1;
				LastSwiftUpdateCheck = 1320;
				LastUpgradeCheck = 1320;
				TargetAttributes = {
					5128EB3C2FAA179B003FD4F6 = {
						CreatedOnToolsVersion = 13.2.1;
					};
					5128EB552FAA179D003FD4F6 = {
						CreatedOnToolsVersion = 13.2.1;
						TestTargetID = 5128EB3C2FAA179B003FD4F6;
					};
					5128EB5F2FAA179D003FD4F6 = {
						CreatedOnToolsVersion = 13.2.1;
						TestTargetID = 5128EB3C2FAA179B003FD4F6;
					};
				};
			};
			buildConfigurationList = 5128EB382FAA179B003FD4F6 /* Build configuration list for PBXProject "Sportix" */;
			compatibilityVersion = "Xcode 13.0";
			developmentRegion = en;
			hasScannedForEncodings = 0;
			knownRegions = (
				en,
				Base,
			);
			mainGroup = 5128EB342FAA179B003FD4F6;
			packageReferences = (
				5128EB732FAA1B8F003FD4F6 /* XCRemoteSwiftPackageReference "SDWebImage" */,
				C74531752FAA73BE00E492B1 /* XCRemoteSwiftPackageReference "Alamofire" */,
			);
			productRefGroup = 5128EB3E2FAA179B003FD4F6 /* Products */;
			projectDirPath = "";
			projectRoot = "";
			targets = (
				5128EB3C2FAA179B003FD4F6 /* Sportix */,
				5128EB552FAA179D003FD4F6 /* SportixTests */,
				5128EB5F2FAA179D003FD4F6 /* SportixUITests */,
			);
		};
/* End PBXProject section */

/* Begin PBXResourcesBuildPhase section */
		5128EB3B2FAA179B003FD4F6 /* Resources */ = {
			isa = PBXResourcesBuildPhase;
			buildActionMask = 2147483647;
			files = (
				51E5B0FB2FB15A160041342D /* UpcomingEventCell.xib in Resources */,
				C78DDC4A2FAFCC8C009D8C80 /* TeamHeaderTableViewCell.xib in Resources */,
				C77536062FAF2D06007DCF8A /* SportCollectionViewCell.xib in Resources */,
				51E5B1012FB163F50041342D /* LatestEventCell.xib in Resources */,
				51E5B1052FB166400041342D /* TeamCell.xib in Resources */,
				5128EB502FAA179D003FD4F6 /* LaunchScreen.storyboard in Resources */,
				C79302F42FAF75E1004A0F90 /* LeagueTableViewCell.xib in Resources */,
				51CB572F2FAE4BD700D4338B /* FavoriteCell.xib in Resources */,
				C78DDC522FAFD26E009D8C80 /* SquadPlayerTableViewCell.xib in Resources */,
				5128EB4D2FAA179D003FD4F6 /* Assets.xcassets in Resources */,
				5128EB482FAA179B003FD4F6 /* Main.storyboard in Resources */,
				C78DDC4E2FAFD1C3009D8C80 /* SquadTitleTableViewCell.xib in Resources */,
			);
			runOnlyForDeploymentPostprocessing = 0;
		};
		5128EB542FAA179D003FD4F6 /* Resources */ = {
			isa = PBXResourcesBuildPhase;
			buildActionMask = 2147483647;
			files = (
			);
			runOnlyForDeploymentPostprocessing = 0;
		};
		5128EB5E2FAA179D003FD4F6 /* Resources */ = {
			isa = PBXResourcesBuildPhase;
			buildActionMask = 2147483647;
			files = (
			);
			runOnlyForDeploymentPostprocessing = 0;
		};
/* End PBXResourcesBuildPhase section */

/* Begin PBXSourcesBuildPhase section */
		5128EB392FAA179B003FD4F6 /* Sources */ = {
			isa = PBXSourcesBuildPhase;
			buildActionMask = 2147483647;
			files = (
				51CB57312FAE5E1000D4338B /* FavoriteViewController.swift in Sources */,
				517E57A02FABBB2E00A9D2ED /* League.swift in Sources */,
				517231C52FB0BE6700EBD954 /* LeagueResponse.swift in Sources */,
				5178F9922FAE9D6A0004FEDD /* FavEntity+Mapping.swift in Sources */,
				C77EAB502FAF7FC400207053 /* LeaguesViewController.swift in Sources */,
				5128EB452FAA179B003FD4F6 /* ViewController.swift in Sources */,
				C79302F32FAF75E1004A0F90 /* LeagueTableViewCell.swift in Sources */,
				C7A596972FAB45EC00CB6E89 /* AppSettingsLocalDataSource.swift in Sources */,
				517231C72FB0BE8A00EBD954 /* FixtureRepsonse.swift in Sources */,
				C775360D2FAF34C0007DCF8A /* SportCollectionViewCell.swift in Sources */,
				513C31512FAE285E008B1D96 /* LeagueDetailsPresenter.swift in Sources */,
				513C31442FAE2682008B1D96 /* CoreDataManager.swift in Sources */,
				517231CC2FB0BEF600EBD954 /* EndpointProtocol.swift in Sources */,
				51CB572E2FAE4BD700D4338B /* FavoriteCell.swift in Sources */,
				518A5AD22FB0B94F00BE1B25 /* SportsResponse.swift in Sources */,
				C78DDC442FAFC86E009D8C80 /* Player.swift in Sources */,
				5128EB412FAA179B003FD4F6 /* AppDelegate.swift in Sources */,
				513C31602FAE2909008B1D96 /* LeaguesPresenter.swift in Sources */,
				51E5B0FA2FB15A160041342D /* UpcomingEventCell.swift in Sources */,
				517231CE2FB0BF1E00EBD954 /* NetworkManager.swift in Sources */,
				51E5B0F62FB155330041342D /* LeagueDetailsViewController.swift in Sources */,
				513C31452FAE2685008B1D96 /* Sportix.xcdatamodeld in Sources */,
				513C31682FAE294D008B1D96 /* SportsPresenter.swift in Sources */,
				51E5B10D2FB1744C0041342D /* LeagueResponse+Mapping.swift in Sources */,
				513C31492FAE27D5008B1D96 /* TeamDetailsPresenter.swift in Sources */,
				517231D02FB0BF9C00EBD954 /* APIService.swift in Sources */,
				51E5B1002FB163F50041342D /* LatestEventCell.swift in Sources */,
				51E5B1152FB17A880041342D /* TeamResponse+Mapping.swift in Sources */,
				5128EB432FAA179B003FD4F6 /* SceneDelegate.swift in Sources */,
				C74531852FAA7E7900E492B1 /* OnboardingPresenter.swift in Sources */,
				C78DDC512FAFD26E009D8C80 /* SquadPlayerTableViewCell.swift in Sources */,
				51E5B1112FB175FB0041342D /* FixtureEndpoint.swift in Sources */,
				517231C32FB0BE4100EBD954 /* SportResponse.swift in Sources */,
				C77536022FAF2B74007DCF8A /* SportsViewController.swift in Sources */,
				51E5B1132FB177220041342D /* TeamEndpoint.swift in Sources */,
				C74531872FAA82F200E492B1 /* OnboardingContentViewController.swift in Sources */,
				513C31412FAE24A0008B1D96 /* OnboardingSlide.swift in Sources */,
				51E5B0FD2FB1623D0041342D /* Fixture.swift in Sources */,
				513C31592FAE28C5008B1D96 /* FavoritesPresnter.swift in Sources */,
				C74531892FAA830D00E492B1 /* OnboardingViewController.swift in Sources */,
				517231C92FB0BE9F00EBD954 /* TeamResponse.swift in Sources */,
				C77536092FAF30BF007DCF8A /* MainTabBarController.swift in Sources */,
				51E5B1042FB166400041342D /* TeamCell.swift in Sources */,
				C78DDC462FAFC8B1009D8C80 /* TeamDetails.swift in Sources */,
				51E5B10F2FB174690041342D /* FixtureResponse+Mapping.swift in Sources */,
				C78DDC492FAFCC8C009D8C80 /* TeamHeaderTableViewCell.swift in Sources */,
				C78DDC4D2FAFD1C3009D8C80 /* SquadTitleTableViewCell.swift in Sources */,
				517E57A22FABBB6A00A9D2ED /* Sport.swift in Sources */,
				51E5B10B2FB1722D0041342D /* SectionHeaderView.swift in Sources */,
				517E57A42FABBC2700A9D2ED /* SportixRepo.swift in Sources */,
				513C31432FAE25EA008B1D96 /* SportixRepoImp.swift in Sources */,
				C78DDC542FAFD523009D8C80 /* TeamDetailsViewController.swift in Sources */,
				C745317F2FAA75AD00E492B1 /* AppTheme.swift in Sources */,
			);
			runOnlyForDeploymentPostprocessing = 0;
		};
		5128EB522FAA179D003FD4F6 /* Sources */ = {
			isa = PBXSourcesBuildPhase;
			buildActionMask = 2147483647;
			files = (
				5128EB5B2FAA179D003FD4F6 /* SportixTests.swift in Sources */,
			);
			runOnlyForDeploymentPostprocessing = 0;
		};
		5128EB5C2FAA179D003FD4F6 /* Sources */ = {
			isa = PBXSourcesBuildPhase;
			buildActionMask = 2147483647;
			files = (
				5128EB672FAA179D003FD4F6 /* SportixUITestsLaunchTests.swift in Sources */,
				5128EB652FAA179D003FD4F6 /* SportixUITests.swift in Sources */,
			);
			runOnlyForDeploymentPostprocessing = 0;
		};
/* End PBXSourcesBuildPhase section */

/* Begin PBXTargetDependency section */
		5128EB582FAA179D003FD4F6 /* PBXTargetDependency */ = {
			isa = PBXTargetDependency;
			target = 5128EB3C2FAA179B003FD4F6 /* Sportix */;
			targetProxy = 5128EB572FAA179D003FD4F6 /* PBXContainerItemProxy */;
		};
		5128EB622FAA179D003FD4F6 /* PBXTargetDependency */ = {
			isa = PBXTargetDependency;
			target = 5128EB3C2FAA179B003FD4F6 /* Sportix */;
			targetProxy = 5128EB612FAA179D003FD4F6 /* PBXContainerItemProxy */;
		};
/* End PBXTargetDependency section */

/* Begin PBXVariantGroup section */
		5128EB462FAA179B003FD4F6 /* Main.storyboard */ = {
			isa = PBXVariantGroup;
			children = (
				5128EB472FAA179B003FD4F6 /* Base */,
			);
			name = Main.storyboard;
			sourceTree = "<group>";
		};
		5128EB4E2FAA179D003FD4F6 /* LaunchScreen.storyboard */ = {
			isa = PBXVariantGroup;
			children = (
				5128EB4F2FAA179D003FD4F6 /* Base */,
			);
			name = LaunchScreen.storyboard;
			sourceTree = "<group>";
		};
/* End PBXVariantGroup section */

/* Begin XCBuildConfiguration section */
		5128EB682FAA179D003FD4F6 /* Debug */ = {
			isa = XCBuildConfiguration;
			buildSettings = {
				ALWAYS_SEARCH_USER_PATHS = NO;
				API_KEY = cdc758adbafc87c001d1c416d754d79b361fce76177f3742b737b4824a256048;
				CLANG_ANALYZER_NONNULL = YES;
				CLANG_ANALYZER_NUMBER_OBJECT_CONVERSION = YES_AGGRESSIVE;
				CLANG_CXX_LANGUAGE_STANDARD = "gnu++17";
				CLANG_CXX_LIBRARY = "libc++";
				CLANG_ENABLE_MODULES = YES;
				CLANG_ENABLE_OBJC_ARC = YES;
				CLANG_ENABLE_OBJC_WEAK = YES;
				CLANG_WARN_BLOCK_CAPTURE_AUTORELEASING = YES;
				CLANG_WARN_BOOL_CONVERSION = YES;
				CLANG_WARN_COMMA = YES;
				CLANG_WARN_CONSTANT_CONVERSION = YES;
				CLANG_WARN_DEPRECATED_OBJC_IMPLEMENTATIONS = YES;
				CLANG_WARN_DIRECT_OBJC_ISA_USAGE = YES_ERROR;
				CLANG_WARN_DOCUMENTATION_COMMENTS = YES;
				CLANG_WARN_EMPTY_BODY = YES;
				CLANG_WARN_ENUM_CONVERSION = YES;
				CLANG_WARN_INFINITE_RECURSION = YES;
				CLANG_WARN_INT_CONVERSION = YES;
				CLANG_WARN_NON_LITERAL_NULL_CONVERSION = YES;
				CLANG_WARN_OBJC_IMPLICIT_RETAIN_SELF = YES;
				CLANG_WARN_OBJC_LITERAL_CONVERSION = YES;
				CLANG_WARN_OBJC_ROOT_CLASS = YES_ERROR;
				CLANG_WARN_QUOTED_INCLUDE_IN_FRAMEWORK_HEADER = YES;
				CLANG_WARN_RANGE_LOOP_ANALYSIS = YES;
				CLANG_WARN_STRICT_PROTOTYPES = YES;
				CLANG_WARN_SUSPICIOUS_MOVE = YES;
				CLANG_WARN_UNGUARDED_AVAILABILITY = YES_AGGRESSIVE;
				CLANG_WARN_UNREACHABLE_CODE = YES;
				CLANG_WARN__DUPLICATE_METHOD_MATCH = YES;
				COPY_PHASE_STRIP = NO;
				DEBUG_INFORMATION_FORMAT = dwarf;
				ENABLE_STRICT_OBJC_MSGSEND = YES;
				ENABLE_TESTABILITY = YES;
				GCC_C_LANGUAGE_STANDARD = gnu11;
				GCC_DYNAMIC_NO_PIC = NO;
				GCC_NO_COMMON_BLOCKS = YES;
				GCC_OPTIMIZATION_LEVEL = 0;
				GCC_PREPROCESSOR_DEFINITIONS = (
					"DEBUG=1",
					"$(inherited)",
				);
				GCC_WARN_64_TO_32_BIT_CONVERSION = YES;
				GCC_WARN_ABOUT_RETURN_TYPE = YES_ERROR;
				GCC_WARN_UNDECLARED_SELECTOR = YES;
				GCC_WARN_UNINITIALIZED_AUTOS = YES_AGGRESSIVE;
				GCC_WARN_UNUSED_FUNCTION = YES;
				GCC_WARN_UNUSED_VARIABLE = YES;
				IPHONEOS_DEPLOYMENT_TARGET = 15.2;
				MTL_ENABLE_DEBUG_INFO = INCLUDE_SOURCE;
				MTL_FAST_MATH = YES;
				ONLY_ACTIVE_ARCH = YES;
				SDKROOT = iphoneos;
				SWIFT_ACTIVE_COMPILATION_CONDITIONS = DEBUG;
				SWIFT_OPTIMIZATION_LEVEL = "-Onone";
			};
			name = Debug;
		};
		5128EB692FAA179D003FD4F6 /* Release */ = {
			isa = XCBuildConfiguration;
			buildSettings = {
				ALWAYS_SEARCH_USER_PATHS = NO;
				API_KEY = cdc758adbafc87c001d1c416d754d79b361fce76177f3742b737b4824a256048;
				CLANG_ANALYZER_NONNULL = YES;
				CLANG_ANALYZER_NUMBER_OBJECT_CONVERSION = YES_AGGRESSIVE;
				CLANG_CXX_LANGUAGE_STANDARD = "gnu++17";
				CLANG_CXX_LIBRARY = "libc++";
				CLANG_ENABLE_MODULES = YES;
				CLANG_ENABLE_OBJC_ARC = YES;
				CLANG_ENABLE_OBJC_WEAK = YES;
				CLANG_WARN_BLOCK_CAPTURE_AUTORELEASING = YES;
				CLANG_WARN_BOOL_CONVERSION = YES;
				CLANG_WARN_COMMA = YES;
				CLANG_WARN_CONSTANT_CONVERSION = YES;
				CLANG_WARN_DEPRECATED_OBJC_IMPLEMENTATIONS = YES;
				CLANG_WARN_DIRECT_OBJC_ISA_USAGE = YES_ERROR;
				CLANG_WARN_DOCUMENTATION_COMMENTS = YES;
				CLANG_WARN_EMPTY_BODY = YES;
				CLANG_WARN_ENUM_CONVERSION = YES;
				CLANG_WARN_INFINITE_RECURSION = YES;
				CLANG_WARN_INT_CONVERSION = YES;
				CLANG_WARN_NON_LITERAL_NULL_CONVERSION = YES;
				CLANG_WARN_OBJC_IMPLICIT_RETAIN_SELF = YES;
				CLANG_WARN_OBJC_LITERAL_CONVERSION = YES;
				CLANG_WARN_OBJC_ROOT_CLASS = YES_ERROR;
				CLANG_WARN_QUOTED_INCLUDE_IN_FRAMEWORK_HEADER = YES;
				CLANG_WARN_RANGE_LOOP_ANALYSIS = YES;
				CLANG_WARN_STRICT_PROTOTYPES = YES;
				CLANG_WARN_SUSPICIOUS_MOVE = YES;
				CLANG_WARN_UNGUARDED_AVAILABILITY = YES_AGGRESSIVE;
				CLANG_WARN_UNREACHABLE_CODE = YES;
				CLANG_WARN__DUPLICATE_METHOD_MATCH = YES;
				COPY_PHASE_STRIP = NO;
				DEBUG_INFORMATION_FORMAT = "dwarf-with-dsym";
				ENABLE_NS_ASSERTIONS = NO;
				ENABLE_STRICT_OBJC_MSGSEND = YES;
				GCC_C_LANGUAGE_STANDARD = gnu11;
				GCC_NO_COMMON_BLOCKS = YES;
				GCC_WARN_64_TO_32_BIT_CONVERSION = YES;
				GCC_WARN_ABOUT_RETURN_TYPE = YES_ERROR;
				GCC_WARN_UNDECLARED_SELECTOR = YES;
				GCC_WARN_UNINITIALIZED_AUTOS = YES_AGGRESSIVE;
				GCC_WARN_UNUSED_FUNCTION = YES;
				GCC_WARN_UNUSED_VARIABLE = YES;
				IPHONEOS_DEPLOYMENT_TARGET = 15.2;
				MTL_ENABLE_DEBUG_INFO = NO;
				MTL_FAST_MATH = YES;
				SDKROOT = iphoneos;
				SWIFT_COMPILATION_MODE = wholemodule;
				SWIFT_OPTIMIZATION_LEVEL = "-O";
				VALIDATE_PRODUCT = YES;
			};
			name = Release;
		};
		5128EB6B2FAA179D003FD4F6 /* Debug */ = {
			isa = XCBuildConfiguration;
			buildSettings = {
				ASSETCATALOG_COMPILER_APPICON_NAME = AppIcon;
				ASSETCATALOG_COMPILER_GLOBAL_ACCENT_COLOR_NAME = AccentColor;
				CODE_SIGN_STYLE = Automatic;
				CURRENT_PROJECT_VERSION = 1;
				GENERATE_INFOPLIST_FILE = YES;
				INFOPLIST_FILE = Sportix/Info.plist;
				INFOPLIST_KEY_UIApplicationSupportsIndirectInputEvents = YES;
				INFOPLIST_KEY_UILaunchStoryboardName = LaunchScreen;
				INFOPLIST_KEY_UIMainStoryboardFile = Main;
				INFOPLIST_KEY_UISupportedInterfaceOrientations_iPad = "UIInterfaceOrientationPortrait UIInterfaceOrientationPortraitUpsideDown UIInterfaceOrientationLandscapeLeft UIInterfaceOrientationLandscapeRight";
				INFOPLIST_KEY_UISupportedInterfaceOrientations_iPhone = "UIInterfaceOrientationPortrait UIInterfaceOrientationLandscapeLeft UIInterfaceOrientationLandscapeRight";
				LD_RUNPATH_SEARCH_PATHS = (
					"$(inherited)",
					"@executable_path/Frameworks",
				);
				MARKETING_VERSION = 1.0;
				PRODUCT_BUNDLE_IDENTIFIER = darkzoom.Sportix;
				PRODUCT_NAME = "$(TARGET_NAME)";
				SWIFT_EMIT_LOC_STRINGS = YES;
				SWIFT_VERSION = 5.0;
				TARGETED_DEVICE_FAMILY = "1,2";
			};
			name = Debug;
		};
		5128EB6C2FAA179D003FD4F6 /* Release */ = {
			isa = XCBuildConfiguration;
			buildSettings = {
				ASSETCATALOG_COMPILER_APPICON_NAME = AppIcon;
				ASSETCATALOG_COMPILER_GLOBAL_ACCENT_COLOR_NAME = AccentColor;
				CODE_SIGN_STYLE = Automatic;
				CURRENT_PROJECT_VERSION = 1;
				GENERATE_INFOPLIST_FILE = YES;
				INFOPLIST_FILE = Sportix/Info.plist;
				INFOPLIST_KEY_UIApplicationSupportsIndirectInputEvents = YES;
				INFOPLIST_KEY_UILaunchStoryboardName = LaunchScreen;
				INFOPLIST_KEY_UIMainStoryboardFile = Main;
				INFOPLIST_KEY_UISupportedInterfaceOrientations_iPad = "UIInterfaceOrientationPortrait UIInterfaceOrientationPortraitUpsideDown UIInterfaceOrientationLandscapeLeft UIInterfaceOrientationLandscapeRight";
				INFOPLIST_KEY_UISupportedInterfaceOrientations_iPhone = "UIInterfaceOrientationPortrait UIInterfaceOrientationLandscapeLeft UIInterfaceOrientationLandscapeRight";
				LD_RUNPATH_SEARCH_PATHS = (
					"$(inherited)",
					"@executable_path/Frameworks",
				);
				MARKETING_VERSION = 1.0;
				PRODUCT_BUNDLE_IDENTIFIER = darkzoom.Sportix;
				PRODUCT_NAME = "$(TARGET_NAME)";
				SWIFT_EMIT_LOC_STRINGS = YES;
				SWIFT_VERSION = 5.0;
				TARGETED_DEVICE_FAMILY = "1,2";
			};
			name = Release;
		};
		5128EB6E2FAA179D003FD4F6 /* Debug */ = {
			isa = XCBuildConfiguration;
			buildSettings = {
				ALWAYS_EMBED_SWIFT_STANDARD_LIBRARIES = YES;
				BUNDLE_LOADER = "$(TEST_HOST)";
				CODE_SIGN_STYLE = Automatic;
				CURRENT_PROJECT_VERSION = 1;
				GENERATE_INFOPLIST_FILE = YES;
				IPHONEOS_DEPLOYMENT_TARGET = 15.2;
				MARKETING_VERSION = 1.0;
				PRODUCT_BUNDLE_IDENTIFIER = darkzoom.SportixTests;
				PRODUCT_NAME = "$(TARGET_NAME)";
				SWIFT_EMIT_LOC_STRINGS = NO;
				SWIFT_VERSION = 5.0;
				TARGETED_DEVICE_FAMILY = "1,2";
				TEST_HOST = "$(BUILT_PRODUCTS_DIR)/Sportix.app/Sportix";
			};
			name = Debug;
		};
		5128EB6F2FAA179D003FD4F6 /* Release */ = {
			isa = XCBuildConfiguration;
			buildSettings = {
				ALWAYS_EMBED_SWIFT_STANDARD_LIBRARIES = YES;
				BUNDLE_LOADER = "$(TEST_HOST)";
				CODE_SIGN_STYLE = Automatic;
				CURRENT_PROJECT_VERSION = 1;
				GENERATE_INFOPLIST_FILE = YES;
				IPHONEOS_DEPLOYMENT_TARGET = 15.2;
				MARKETING_VERSION = 1.0;
				PRODUCT_BUNDLE_IDENTIFIER = darkzoom.SportixTests;
				PRODUCT_NAME = "$(TARGET_NAME)";
				SWIFT_EMIT_LOC_STRINGS = NO;
				SWIFT_VERSION = 5.0;
				TARGETED_DEVICE_FAMILY = "1,2";
				TEST_HOST = "$(BUILT_PRODUCTS_DIR)/Sportix.app/Sportix";
			};
			name = Release;
		};
		5128EB712FAA179D003FD4F6 /* Debug */ = {
			isa = XCBuildConfiguration;
			buildSettings = {
				ALWAYS_EMBED_SWIFT_STANDARD_LIBRARIES = YES;
				CODE_SIGN_STYLE = Automatic;
				CURRENT_PROJECT_VERSION = 1;
				GENERATE_INFOPLIST_FILE = YES;
				MARKETING_VERSION = 1.0;
				PRODUCT_BUNDLE_IDENTIFIER = darkzoom.SportixUITests;
				PRODUCT_NAME = "$(TARGET_NAME)";
				SWIFT_EMIT_LOC_STRINGS = NO;
				SWIFT_VERSION = 5.0;
				TARGETED_DEVICE_FAMILY = "1,2";
				TEST_TARGET_NAME = Sportix;
			};
			name = Debug;
		};
		5128EB722FAA179D003FD4F6 /* Release */ = {
			isa = XCBuildConfiguration;
			buildSettings = {
				ALWAYS_EMBED_SWIFT_STANDARD_LIBRARIES = YES;
				CODE_SIGN_STYLE = Automatic;
				CURRENT_PROJECT_VERSION = 1;
				GENERATE_INFOPLIST_FILE = YES;
				MARKETING_VERSION = 1.0;
				PRODUCT_BUNDLE_IDENTIFIER = darkzoom.SportixUITests;
				PRODUCT_NAME = "$(TARGET_NAME)";
				SWIFT_EMIT_LOC_STRINGS = NO;
				SWIFT_VERSION = 5.0;
				TARGETED_DEVICE_FAMILY = "1,2";
				TEST_TARGET_NAME = Sportix;
			};
			name = Release;
		};
/* End XCBuildConfiguration section */

/* Begin XCConfigurationList section */
		5128EB382FAA179B003FD4F6 /* Build configuration list for PBXProject "Sportix" */ = {
			isa = XCConfigurationList;
			buildConfigurations = (
				5128EB682FAA179D003FD4F6 /* Debug */,
				5128EB692FAA179D003FD4F6 /* Release */,
			);
			defaultConfigurationIsVisible = 0;
			defaultConfigurationName = Release;
		};
		5128EB6A2FAA179D003FD4F6 /* Build configuration list for PBXNativeTarget "Sportix" */ = {
			isa = XCConfigurationList;
			buildConfigurations = (
				5128EB6B2FAA179D003FD4F6 /* Debug */,
				5128EB6C2FAA179D003FD4F6 /* Release */,
			);
			defaultConfigurationIsVisible = 0;
			defaultConfigurationName = Release;
		};
		5128EB6D2FAA179D003FD4F6 /* Build configuration list for PBXNativeTarget "SportixTests" */ = {
			isa = XCConfigurationList;
			buildConfigurations = (
				5128EB6E2FAA179D003FD4F6 /* Debug */,
				5128EB6F2FAA179D003FD4F6 /* Release */,
			);
			defaultConfigurationIsVisible = 0;
			defaultConfigurationName = Release;
		};
		5128EB702FAA179D003FD4F6 /* Build configuration list for PBXNativeTarget "SportixUITests" */ = {
			isa = XCConfigurationList;
			buildConfigurations = (
				5128EB712FAA179D003FD4F6 /* Debug */,
				5128EB722FAA179D003FD4F6 /* Release */,
			);
			defaultConfigurationIsVisible = 0;
			defaultConfigurationName = Release;
		};
/* End XCConfigurationList section */

/* Begin XCRemoteSwiftPackageReference section */
		5128EB732FAA1B8F003FD4F6 /* XCRemoteSwiftPackageReference "SDWebImage" */ = {
			isa = XCRemoteSwiftPackageReference;
			repositoryURL = "https://github.com/SDWebImage/SDWebImage";
			requirement = {
				kind = exactVersion;
				version = 5.15.0;
			};
		};
		C74531752FAA73BE00E492B1 /* XCRemoteSwiftPackageReference "Alamofire" */ = {
			isa = XCRemoteSwiftPackageReference;
			repositoryURL = "https://github.com/Alamofire/Alamofire.git";
			requirement = {
				kind = upToNextMajorVersion;
				minimumVersion = 5.0.0;
			};
		};
/* End XCRemoteSwiftPackageReference section */

/* Begin XCSwiftPackageProductDependency section */
		5128EB742FAA1B8F003FD4F6 /* SDWebImage */ = {
			isa = XCSwiftPackageProductDependency;
			package = 5128EB732FAA1B8F003FD4F6 /* XCRemoteSwiftPackageReference "SDWebImage" */;
			productName = SDWebImage;
		};
		5128EB762FAA1B8F003FD4F6 /* SDWebImageMapKit */ = {
			isa = XCSwiftPackageProductDependency;
			package = 5128EB732FAA1B8F003FD4F6 /* XCRemoteSwiftPackageReference "SDWebImage" */;
			productName = SDWebImageMapKit;
		};
		C74531762FAA73BE00E492B1 /* Alamofire */ = {
			isa = XCSwiftPackageProductDependency;
			package = C74531752FAA73BE00E492B1 /* XCRemoteSwiftPackageReference "Alamofire" */;
			productName = Alamofire;
		};
/* End XCSwiftPackageProductDependency section */

/* Begin XCVersionGroup section */
		513C313E2FAE23FE008B1D96 /* Sportix.xcdatamodeld */ = {
			isa = XCVersionGroup;
			children = (
				513C313F2FAE23FE008B1D96 /* Sportix.xcdatamodel */,
			);
			currentVersion = 513C313F2FAE23FE008B1D96 /* Sportix.xcdatamodel */;
			path = Sportix.xcdatamodeld;
			sourceTree = "<group>";
			versionGroupType = wrapper.xcdatamodel;
		};
/* End XCVersionGroup section */
	};
	rootObject = 5128EB352FAA179B003FD4F6 /* Project object */;
}
